// !$*UTF8*$!
{
	archiveVersion = 1;
	classes = {
	};
	objectVersion = 77;
	objects = {

/* Begin PBXBuildFile section */
		0015C978B2014570CD6E970A /* MenuBarViewModelTests.swift in Sources */ = {isa = PBXBuildFile; fileRef = A1B38366ACAB309B3578DAB7 /* MenuBarViewModelTests.swift */; };
		01A707D092D019168CED1743 /* DragToSnapCoordinatorTests.swift in Sources */ = {isa = PBXBuildFile; fileRef = 1770CC3CBCA9243288328731 /* DragToSnapCoordinatorTests.swift */; };
		01E00C6006103DACA95CD23A /* AccessibilityPermissionProvider.swift in Sources */ = {isa = PBXBuildFile; fileRef = E43019770C882BE99A2A24A2 /* AccessibilityPermissionProvider.swift */; };
		02D75FB018860A3CAD26075C /* ShortcutSettingsView.swift in Sources */ = {isa = PBXBuildFile; fileRef = 96C37D1A8C736ADE0A6350BB /* ShortcutSettingsView.swift */; };
		085C44182063C920AFD99B7A /* MouseDragTracker.swift in Sources */ = {isa = PBXBuildFile; fileRef = 6315D6754B25CC7092C6F0B4 /* MouseDragTracker.swift */; };
		0BA06492FD9D0846DC8C7AE8 /* LayoutZoneTests.swift in Sources */ = {isa = PBXBuildFile; fileRef = 83C1425FD59382AD5120BE19 /* LayoutZoneTests.swift */; };
		0C87D451692ACA9945DF7D08 /* MenuBarViewModel.swift in Sources */ = {isa = PBXBuildFile; fileRef = 08FA844B145B9202F72B62F4 /* MenuBarViewModel.swift */; };
		0D0C536AE6805ADD51D25BEC /* KeyboardShortcut.swift in Sources */ = {isa = PBXBuildFile; fileRef = D37AE49DFA333D20E705391E /* KeyboardShortcut.swift */; };
		1151B12C1F11349473627AAE /* MenuBarView.swift in Sources */ = {isa = PBXBuildFile; fileRef = 62D161FB100C76864DFB4BC2 /* MenuBarView.swift */; };
		1503E7F565EBA2C6031C6B00 /* DisplayManaging.swift in Sources */ = {isa = PBXBuildFile; fileRef = 2E1DC342D46E4BDB27182C07 /* DisplayManaging.swift */; };
		1542AEF9EF3E838F289F7361 /* AppDelegate.swift in Sources */ = {isa = PBXBuildFile; fileRef = 63733F0E866C2305895BB57F /* AppDelegate.swift */; };
		15CB584E5ED755A2C6060074 /* Assets.xcassets in Resources */ = {isa = PBXBuildFile; fileRef = EF0AA383DB2666E492CAD137 /* Assets.xcassets */; };
		170E7DA22E4F01A9354B8D4A /* MenuBarAction.swift in Sources */ = {isa = PBXBuildFile; fileRef = 653A6E84B108C9D50A69E0B9 /* MenuBarAction.swift */; };
		1984D02B3B4D16EBE860150A /* AccessibilityService.swift in Sources */ = {isa = PBXBuildFile; fileRef = AFFABBDB45AD79B4AC9397B4 /* AccessibilityService.swift */; };
		1B9118C686E4BC67368F15A4 /* CommandDispatcher.swift in Sources */ = {isa = PBXBuildFile; fileRef = 3E1AAF1144FB50C946EB1A00 /* CommandDispatcher.swift */; };
		1DCFEA9586881AF7E980332B /* AccessibilityServiceTests.swift in Sources */ = {isa = PBXBuildFile; fileRef = 157702A6B1E69AED76E1142E /* AccessibilityServiceTests.swift */; };
		1FAED231F17977A8AA86A01A /* DisplayManager.swift in Sources */ = {isa = PBXBuildFile; fileRef = F1118841502C213CD6201BD5 /* DisplayManager.swift */; };
		203941AAAA61744139093351 /* GlobalHotkeyManaging.swift in Sources */ = {isa = PBXBuildFile; fileRef = 5B6421FE8A5A8FAB80D70143 /* GlobalHotkeyManaging.swift */; };
		2946C04BA80503DEB94D6099 /* SnapDetecting.swift in Sources */ = {isa = PBXBuildFile; fileRef = EDACBDDD0A94D4F5D20661DD /* SnapDetecting.swift */; };
		2964C356BFDE09652D1DF558 /* WindowRegistry.swift in Sources */ = {isa = PBXBuildFile; fileRef = F3215611D5E316EDFE63ABC5 /* WindowRegistry.swift */; };
		2B15364C09FF8CE559B2CBAA /* WindowEvent.swift in Sources */ = {isa = PBXBuildFile; fileRef = 34C2CE7E99F6B9239288BEE1 /* WindowEvent.swift */; };
		2B297BBFE9104DAA3B76763D /* LayoutSlot.swift in Sources */ = {isa = PBXBuildFile; fileRef = 56104E88ECCBCB9B36C272D0 /* LayoutSlot.swift */; };
		2BF4080A13A5F6401A0B4153 /* Display.swift in Sources */ = {isa = PBXBuildFile; fileRef = 9E52A8E94F9EB5A1D0F44862 /* Display.swift */; };
		2C06745ABDBEF158D5CE2E9A /* WindowCommand.swift in Sources */ = {isa = PBXBuildFile; fileRef = 40AE155D33959E6CDC872DAA /* WindowCommand.swift */; };
		2C918AEBD7C5ACE39EC17782 /* WorkspaceManager.swift in Sources */ = {isa = PBXBuildFile; fileRef = F52B3EF81167806134CD93A0 /* WorkspaceManager.swift */; };
		2CEF5A5DD899D3D5E6457F8B /* SnapLayoutPickerSnapshotRenderer.swift in Sources */ = {isa = PBXBuildFile; fileRef = 94FAC609D843724BE2A35D6C /* SnapLayoutPickerSnapshotRenderer.swift */; };
		2D608639419517BC17839810 /* SnapDetector.swift in Sources */ = {isa = PBXBuildFile; fileRef = 695ACF86831A27621CBF2F7E /* SnapDetector.swift */; };
		3081ABF3C1ECF494D5382253 /* EventBus.swift in Sources */ = {isa = PBXBuildFile; fileRef = B3AEED54CA5E1FDA463F255E /* EventBus.swift */; };
		30E8AE8738EC4532C54D15CF /* AXAccessibilityService.swift in Sources */ = {isa = PBXBuildFile; fileRef = 76D02C4F0C0E7AA130704FD3 /* AXAccessibilityService.swift */; };
		34A5C60FEC500B209BB23CB3 /* MockSnapLayoutPickerManager.swift in Sources */ = {isa = PBXBuildFile; fileRef = F8BAB02898594FFE68F841F1 /* MockSnapLayoutPickerManager.swift */; };
		3517692F274E545D61FEFE01 /* Layout.swift in Sources */ = {isa = PBXBuildFile; fileRef = 99CCBFB82F9AFF970639431B /* Layout.swift */; };
		3637FA178A9EC1DC229C6BE5 /* MockSnapPreviewManager.swift in Sources */ = {isa = PBXBuildFile; fileRef = E3E2160B91A2A106A84779F1 /* MockSnapPreviewManager.swift */; };
		3673E933CBDC858ED26861C6 /* MenuBarViewModel.swift in Sources */ = {isa = PBXBuildFile; fileRef = 08FA844B145B9202F72B62F4 /* MenuBarViewModel.swift */; };
		36876680F3E192AF3AC39942 /* WindowPolicy.swift in Sources */ = {isa = PBXBuildFile; fileRef = E8DC4D44B8F281D8801C2B8C /* WindowPolicy.swift */; };
		36BEFDDF36D7745CA5A4D818 /* SnapPreviewPanel.swift in Sources */ = {isa = PBXBuildFile; fileRef = 917233E614F66482F68EB4C8 /* SnapPreviewPanel.swift */; };
		39014ECFAEFC838D75C42FF3 /* AccessibilityError.swift in Sources */ = {isa = PBXBuildFile; fileRef = 76D0B80FCFB6F792B006F531 /* AccessibilityError.swift */; };
		39D2D804B959BB2733D9588C /* SnapDetectionResult.swift in Sources */ = {isa = PBXBuildFile; fileRef = 5A1BACB9CF1191FBA5D92E29 /* SnapDetectionResult.swift */; };
		3CD93327ECE020CBA3191C57 /* SnapEngine.swift in Sources */ = {isa = PBXBuildFile; fileRef = F3F6FCCD453ED6DA21D35F89 /* SnapEngine.swift */; };
		3CE25CB7975B6329B271F0E8 /* PreferencesStore.swift in Sources */ = {isa = PBXBuildFile; fileRef = 6EE0245EE1CAFDD5CF0D07F1 /* PreferencesStore.swift */; };
		3CE531AFED45D08A277DE28D /* WindowPlacement.swift in Sources */ = {isa = PBXBuildFile; fileRef = 99D8C206B74A7A3730798DAB /* WindowPlacement.swift */; };
		3DBF00D0C88F0962666AAAE0 /* ManagedWindow.swift in Sources */ = {isa = PBXBuildFile; fileRef = DBEF5A45967837FE4040D7E2 /* ManagedWindow.swift */; };
		3EB8762A1EA26A72FD81A302 /* WindowKind.swift in Sources */ = {isa = PBXBuildFile; fileRef = 5FD4689A896B1DA2CBCCDEED /* WindowKind.swift */; };
		3F83CC5BE7CDEB69D5B8AE61 /* WindowManager.swift in Sources */ = {isa = PBXBuildFile; fileRef = C8D0453BEFA30D4D700FA3F9 /* WindowManager.swift */; };
		437F10D4716418B7F5E82A97 /* WorkspaceObserver.swift in Sources */ = {isa = PBXBuildFile; fileRef = 7BE52C1D2D665DD9E9353D73 /* WorkspaceObserver.swift */; };
		43E6311A01ED29CD4821F122 /* FlowSnapLabApp.swift in Sources */ = {isa = PBXBuildFile; fileRef = 7068EE6A183791B48D5D25DE /* FlowSnapLabApp.swift */; };
		446B98FF28FA70B48EC04DC9 /* KeyboardShortcut.swift in Sources */ = {isa = PBXBuildFile; fileRef = D37AE49DFA333D20E705391E /* KeyboardShortcut.swift */; };
		44C2DDD5666545D51B951B18 /* SnapEngine.swift in Sources */ = {isa = PBXBuildFile; fileRef = F3F6FCCD453ED6DA21D35F89 /* SnapEngine.swift */; };
		48C3F5452502C46907984E53 /* MockDisplayManager.swift in Sources */ = {isa = PBXBuildFile; fileRef = ACB206EE2C4737642FEF4B25 /* MockDisplayManager.swift */; };
		48C72DADD60901C67006BB62 /* WindowManaging.swift in Sources */ = {isa = PBXBuildFile; fileRef = 0E59D7D6510043500BD6E2B0 /* WindowManaging.swift */; };
		4AB50F4074973F60C11142E3 /* WindowRegistry.swift in Sources */ = {isa = PBXBuildFile; fileRef = F3215611D5E316EDFE63ABC5 /* WindowRegistry.swift */; };
		4B73D2820B2D23403CDDF904 /* WorkspaceStore.swift in Sources */ = {isa = PBXBuildFile; fileRef = DE48FF80DAE84CFEEF9C14F0 /* WorkspaceStore.swift */; };
		4CD62494E7C572C29DA28F2C /* FlowSnapApp.swift in Sources */ = {isa = PBXBuildFile; fileRef = 1C8140860715C5605A9A5D22 /* FlowSnapApp.swift */; };
		4D08B89DF2655F5F65FB1771 /* SnapLayoutPickerManaging.swift in Sources */ = {isa = PBXBuildFile; fileRef = 3D961BB02BC3E820B3D1D972 /* SnapLayoutPickerManaging.swift */; };
		4FFF34BF59000BFE90C31A65 /* ManagedWindowTests.swift in Sources */ = {isa = PBXBuildFile; fileRef = D8276D33EFA9437CFA5D20EF /* ManagedWindowTests.swift */; };
		507D3261C22426620A0FC3FD /* SnapTarget.swift in Sources */ = {isa = PBXBuildFile; fileRef = D7FF830A73925B54810D8FE9 /* SnapTarget.swift */; };
		5148290E0887DC83963A9F9A /* LayoutEngineOddPixelTests.swift in Sources */ = {isa = PBXBuildFile; fileRef = A7D036E46C318D613851C247 /* LayoutEngineOddPixelTests.swift */; };
		51B45E330ACFBAE30290C5E3 /* InputMonitoringPermissionProvider.swift in Sources */ = {isa = PBXBuildFile; fileRef = C9E6AF4238A49FEFBA48A402 /* InputMonitoringPermissionProvider.swift */; };
		527F2E409FB9FF627C9B0694 /* LayoutEngineTests.swift in Sources */ = {isa = PBXBuildFile; fileRef = 4F91DA228E94E526F2A61D18 /* LayoutEngineTests.swift */; };
		5285F92FAF51EF1659A6E2BE /* SnapLayoutPickerManager.swift in Sources */ = {isa = PBXBuildFile; fileRef = C14A87486FA023014BA8066D /* SnapLayoutPickerManager.swift */; };
		5354C9E3B8C7CD6F513B436A /* WindowKind.swift in Sources */ = {isa = PBXBuildFile; fileRef = 5FD4689A896B1DA2CBCCDEED /* WindowKind.swift */; };
		5360EBE7B4FF0382B7B44F58 /* CommandDispatcher.swift in Sources */ = {isa = PBXBuildFile; fileRef = 3E1AAF1144FB50C946EB1A00 /* CommandDispatcher.swift */; };
		53E3894A4E60F57A8C2FA027 /* AccessibilityService.swift in Sources */ = {isa = PBXBuildFile; fileRef = AFFABBDB45AD79B4AC9397B4 /* AccessibilityService.swift */; };
		54FCA3E5976F94ECCE1E445A /* CoordinateTransformerTests.swift in Sources */ = {isa = PBXBuildFile; fileRef = 70E7F1494429A2DE1F8D0571 /* CoordinateTransformerTests.swift */; };
		563581780C923099E97C6830 /* SnapDetectorTests.swift in Sources */ = {isa = PBXBuildFile; fileRef = DFCFB4457CC1B58EEB23BA8D /* SnapDetectorTests.swift */; };
		576107A30EE0111CD35DAFB0 /* AppDependencies.swift in Sources */ = {isa = PBXBuildFile; fileRef = 253B998D2444EA6194140B3A /* AppDependencies.swift */; };
		5854938D931A4DD6671E2761 /* MenuBarSnapshotRenderer.swift in Sources */ = {isa = PBXBuildFile; fileRef = 90B696D10DEDDB99239B2616 /* MenuBarSnapshotRenderer.swift */; };
		58956AC3379EF22C8B52DA55 /* WorkspaceObserver.swift in Sources */ = {isa = PBXBuildFile; fileRef = 7BE52C1D2D665DD9E9353D73 /* WorkspaceObserver.swift */; };
		5AC60CA57DD0C662B921A4AC /* WindowPolicyManager.swift in Sources */ = {isa = PBXBuildFile; fileRef = A2DF15A0E9D6F66564F8FE16 /* WindowPolicyManager.swift */; };
		5D514036E10395D778F332BE /* MenuBarView.swift in Sources */ = {isa = PBXBuildFile; fileRef = 62D161FB100C76864DFB4BC2 /* MenuBarView.swift */; };
		5E4B331D10EA7EA19428B380 /* MenuBarAction.swift in Sources */ = {isa = PBXBuildFile; fileRef = 653A6E84B108C9D50A69E0B9 /* MenuBarAction.swift */; };
		5EE65B389046FAADC099922B /* AccessibilityError.swift in Sources */ = {isa = PBXBuildFile; fileRef = 76D0B80FCFB6F792B006F531 /* AccessibilityError.swift */; };
		603C49BD23A32046D90446A1 /* SpaceManaging.swift in Sources */ = {isa = PBXBuildFile; fileRef = 9329DD1D2BB54E77B49F4DF2 /* SpaceManaging.swift */; };
		60C278D190E66675A0A8F0DF /* PreferencesStore.swift in Sources */ = {isa = PBXBuildFile; fileRef = 6EE0245EE1CAFDD5CF0D07F1 /* PreferencesStore.swift */; };
		629E6A7E06CFD4F8789D0FEC /* WindowManaging.swift in Sources */ = {isa = PBXBuildFile; fileRef = 0E59D7D6510043500BD6E2B0 /* WindowManaging.swift */; };
		6356BDE551800283E1BE9468 /* SnapPreviewSnapshotRenderer.swift in Sources */ = {isa = PBXBuildFile; fileRef = 062079EDEE1DEE1DD6F161B8 /* SnapPreviewSnapshotRenderer.swift */; };
		647FAAFE999A08F132D60470 /* InputMonitoringPermissionProvider.swift in Sources */ = {isa = PBXBuildFile; fileRef = C9E6AF4238A49FEFBA48A402 /* InputMonitoringPermissionProvider.swift */; };
		658710E4275C74AC337552AD /* CoordinateTransformer.swift in Sources */ = {isa = PBXBuildFile; fileRef = 3F5CDE4302888B2B4A80F528 /* CoordinateTransformer.swift */; };
		6832A5DE45B15A04224F4B23 /* SpaceManaging.swift in Sources */ = {isa = PBXBuildFile; fileRef = 9329DD1D2BB54E77B49F4DF2 /* SpaceManaging.swift */; };
		68A4ED8B4E5BC219E36A9330 /* GhostMorphPanel.swift in Sources */ = {isa = PBXBuildFile; fileRef = 7ABE6409E670E0592E4AC677 /* GhostMorphPanel.swift */; };
		697ACF8092404B958E943367 /* GlobalHotkeyManaging.swift in Sources */ = {isa = PBXBuildFile; fileRef = 5B6421FE8A5A8FAB80D70143 /* GlobalHotkeyManaging.swift */; };
		6B20456958CE8793C35AB039 /* GeneralSettingsView.swift in Sources */ = {isa = PBXBuildFile; fileRef = 5CE9C61ABB086757AADC21CB /* GeneralSettingsView.swift */; };
		6C6527A2A62AE38E08EA5991 /* SnapPreviewPanel.swift in Sources */ = {isa = PBXBuildFile; fileRef = 917233E614F66482F68EB4C8 /* SnapPreviewPanel.swift */; };
		6F89CDBD125A3554DE63B747 /* MouseDragTracking.swift in Sources */ = {isa = PBXBuildFile; fileRef = C421941EF1203585A4824A56 /* MouseDragTracking.swift */; };
		7E1A6BE7BFD56068F27B0B4E /* Workspace.swift in Sources */ = {isa = PBXBuildFile; fileRef = 9C45EBED36C097796E6CD70A /* Workspace.swift */; };
		7E7E25795E30579C89A15B0B /* WorkspaceManager.swift in Sources */ = {isa = PBXBuildFile; fileRef = F52B3EF81167806134CD93A0 /* WorkspaceManager.swift */; };
		81D4A8D2D4BA79CFF9BA9F1D /* Display.swift in Sources */ = {isa = PBXBuildFile; fileRef = 9E52A8E94F9EB5A1D0F44862 /* Display.swift */; };
		822A1EA7F662ED25A095C516 /* SystemSettingsRouter.swift in Sources */ = {isa = PBXBuildFile; fileRef = 9DDE2E77E406CFDF8547F5FE /* SystemSettingsRouter.swift */; };
		85066C74D1A2689540F551EF /* MouseDragTracking.swift in Sources */ = {isa = PBXBuildFile; fileRef = C421941EF1203585A4824A56 /* MouseDragTracking.swift */; };
		855DAF308E3E6A75A130B39B /* Workspace.swift in Sources */ = {isa = PBXBuildFile; fileRef = 9C45EBED36C097796E6CD70A /* Workspace.swift */; };
		88795DA83AB6BD1689B060E1 /* LayoutTemplate.swift in Sources */ = {isa = PBXBuildFile; fileRef = E86A52CDD346011E59BA03BE /* LayoutTemplate.swift */; };
		8932AA46A9C293F8DC6B5C1E /* SnapTarget.swift in Sources */ = {isa = PBXBuildFile; fileRef = D7FF830A73925B54810D8FE9 /* SnapTarget.swift */; };
		896F5039F01281D903743A80 /* MockMouseDragTracker.swift in Sources */ = {isa = PBXBuildFile; fileRef = D987C0F7235F0BC2657BC60D /* MockMouseDragTracker.swift */; };
		8DE7192A1B7190E6213DA61B /* LayoutCalculating.swift in Sources */ = {isa = PBXBuildFile; fileRef = A9C2B39D95E9A7EF7F084843 /* LayoutCalculating.swift */; };
		90524EAD2D1453E8098C62B0 /* WindowEvent.swift in Sources */ = {isa = PBXBuildFile; fileRef = 34C2CE7E99F6B9239288BEE1 /* WindowEvent.swift */; };
		953E573B720E191B6D86D841 /* SnapPreviewView.swift in Sources */ = {isa = PBXBuildFile; fileRef = 8DDB982014F80B64A35B61FE /* SnapPreviewView.swift */; };
		974336002410667FBC5A3D21 /* WindowPolicyManager.swift in Sources */ = {isa = PBXBuildFile; fileRef = A2DF15A0E9D6F66564F8FE16 /* WindowPolicyManager.swift */; };
		979E351A281C764731321D4C /* SnapLayoutPickerView.swift in Sources */ = {isa = PBXBuildFile; fileRef = E0D31E99F5C0CA14EF798B7A /* SnapLayoutPickerView.swift */; };
		9B6D36DDEBC9FB5404E1BDF6 /* MockAccessibilityService.swift in Sources */ = {isa = PBXBuildFile; fileRef = 690B82FE8C496AF9D02DC126 /* MockAccessibilityService.swift */; };
		9D6455D544889D0C3E7251C5 /* DisplayManager.swift in Sources */ = {isa = PBXBuildFile; fileRef = F1118841502C213CD6201BD5 /* DisplayManager.swift */; };
		9F338C6E3F351223BCE08429 /* Layout.swift in Sources */ = {isa = PBXBuildFile; fileRef = 99CCBFB82F9AFF970639431B /* Layout.swift */; };
		A1220A09147E13AD793E64D7 /* HotkeyBinding.swift in Sources */ = {isa = PBXBuildFile; fileRef = ECE5E8FFB2338A216810243A /* HotkeyBinding.swift */; };
		A650BB59C4EB60494569006D /* GlobalHotkeyManager.swift in Sources */ = {isa = PBXBuildFile; fileRef = 1C5A4325641893ECDB8B3793 /* GlobalHotkeyManager.swift */; };
		A6BD730E62BC8F486FBB8674 /* DisplayManaging.swift in Sources */ = {isa = PBXBuildFile; fileRef = 2E1DC342D46E4BDB27182C07 /* DisplayManaging.swift */; };
		A70755ACA41FD0343F2CA56C /* WorkspaceStore.swift in Sources */ = {isa = PBXBuildFile; fileRef = DE48FF80DAE84CFEEF9C14F0 /* WorkspaceStore.swift */; };
		A9A0F47914A6FB47FB2FB644 /* AXAccessibilityService.swift in Sources */ = {isa = PBXBuildFile; fileRef = 76D02C4F0C0E7AA130704FD3 /* AXAccessibilityService.swift */; };
		AA5A3906210BB4BAC19ECF69 /* SnapDetectionResult.swift in Sources */ = {isa = PBXBuildFile; fileRef = 5A1BACB9CF1191FBA5D92E29 /* SnapDetectionResult.swift */; };
		AC1FE9DB4C94843844598EC6 /* WindowClassification.swift in Sources */ = {isa = PBXBuildFile; fileRef = 1DDCF67D6AF358E7276AA0AB /* WindowClassification.swift */; };
		AD7B354E5E8CC9BD777C2F03 /* WindowRegistryTests.swift in Sources */ = {isa = PBXBuildFile; fileRef = AD386546615547AC5ED4C613 /* WindowRegistryTests.swift */; };
		AD8A9F383369DE876E4898DD /* HotkeyBinding.swift in Sources */ = {isa = PBXBuildFile; fileRef = ECE5E8FFB2338A216810243A /* HotkeyBinding.swift */; };
		ADCC3D3499C0CA87BE801CE9 /* MouseDragTracker.swift in Sources */ = {isa = PBXBuildFile; fileRef = 6315D6754B25CC7092C6F0B4 /* MouseDragTracker.swift */; };
		AF3EA493CC68900032EE9727 /* GlobalHotkeyManagerTests.swift in Sources */ = {isa = PBXBuildFile; fileRef = ADA412B9E411DF21D0643F9E /* GlobalHotkeyManagerTests.swift */; };
		B09F8CA4BF2EAA18568EF1EF /* CoordinateTransformer.swift in Sources */ = {isa = PBXBuildFile; fileRef = 3F5CDE4302888B2B4A80F528 /* CoordinateTransformer.swift */; };
		B1362B8BA53ECC223C1B4307 /* SnapDetecting.swift in Sources */ = {isa = PBXBuildFile; fileRef = EDACBDDD0A94D4F5D20661DD /* SnapDetecting.swift */; };
		B36CC00511E63F9A7FC8E8DE /* CommandDispatcherTests.swift in Sources */ = {isa = PBXBuildFile; fileRef = C2C2CF54482D2585B9587ADE /* CommandDispatcherTests.swift */; };
		B423E48FAB514D318198738D /* WindowClassification.swift in Sources */ = {isa = PBXBuildFile; fileRef = 1DDCF67D6AF358E7276AA0AB /* WindowClassification.swift */; };
		B62A29B7DD07FC49170BFFD2 /* SnapPreviewManaging.swift in Sources */ = {isa = PBXBuildFile; fileRef = 5C5CFF0556705A5A4FCB45F8 /* SnapPreviewManaging.swift */; };
		B64E7C593055CCEC723AFB9C /* ApplicationRulesView.swift in Sources */ = {isa = PBXBuildFile; fileRef = C46DA3A268479EBFE769CEFD /* ApplicationRulesView.swift */; };
		B7658400AFD7FF27C798A78F /* GhostMorphPanel.swift in Sources */ = {isa = PBXBuildFile; fileRef = 7ABE6409E670E0592E4AC677 /* GhostMorphPanel.swift */; };
		B87BAB2BEA6E07AF71CE5057 /* DisplayManagerTests.swift in Sources */ = {isa = PBXBuildFile; fileRef = 79930ED10BB9BB64F86CBEE6 /* DisplayManagerTests.swift */; };
		BBEB3C815C54C1DA5F725350 /* SettingsView.swift in Sources */ = {isa = PBXBuildFile; fileRef = 01516D7EAF5546C728E483AC /* SettingsView.swift */; };
		BDBA1165D640585414C372F7 /* SnapLayoutPickerPanel.swift in Sources */ = {isa = PBXBuildFile; fileRef = 3C4478153F69D2D41C613786 /* SnapLayoutPickerPanel.swift */; };
		C0EF9B556A04666E4F054B52 /* LayoutEngine.swift in Sources */ = {isa = PBXBuildFile; fileRef = C83FDEF7A27D286A096EFAF2 /* LayoutEngine.swift */; };
		C18D28F4BEFACD3106D1D055 /* WindowPolicy.swift in Sources */ = {isa = PBXBuildFile; fileRef = E8DC4D44B8F281D8801C2B8C /* WindowPolicy.swift */; };
		C496D95DD1094015E5BFECDA /* SnapPreviewManaging.swift in Sources */ = {isa = PBXBuildFile; fileRef = 5C5CFF0556705A5A4FCB45F8 /* SnapPreviewManaging.swift */; };
		C55AB549C23D054AA66D7C42 /* WindowCommand.swift in Sources */ = {isa = PBXBuildFile; fileRef = 40AE155D33959E6CDC872DAA /* WindowCommand.swift */; };
		C7530A61D1B57F4FAC4F095C /* LayoutSlot.swift in Sources */ = {isa = PBXBuildFile; fileRef = 56104E88ECCBCB9B36C272D0 /* LayoutSlot.swift */; };
		C96E85D8401333B795EFAB10 /* SnapDetector.swift in Sources */ = {isa = PBXBuildFile; fileRef = 695ACF86831A27621CBF2F7E /* SnapDetector.swift */; };
		D1D90B264D3CCF57472F2036 /* EventBus.swift in Sources */ = {isa = PBXBuildFile; fileRef = B3AEED54CA5E1FDA463F255E /* EventBus.swift */; };
		D2BBF784C25DD3417F4348BA /* SnapPreviewView.swift in Sources */ = {isa = PBXBuildFile; fileRef = 8DDB982014F80B64A35B61FE /* SnapPreviewView.swift */; };
		D38943D8A9E1802FF5E9485F /* LayoutTemplate.swift in Sources */ = {isa = PBXBuildFile; fileRef = E86A52CDD346011E59BA03BE /* LayoutTemplate.swift */; };
		D7C6BA3A7303A3F3BA2AB407 /* ManagedWindow.swift in Sources */ = {isa = PBXBuildFile; fileRef = DBEF5A45967837FE4040D7E2 /* ManagedWindow.swift */; };
		DB5D6BEB09196B0BAE845300 /* DragToSnapCoordinator.swift in Sources */ = {isa = PBXBuildFile; fileRef = D6B091BED16E1302709EB19D /* DragToSnapCoordinator.swift */; };
		DD662910DCAD20C33B693FBA /* SnapEngineTests.swift in Sources */ = {isa = PBXBuildFile; fileRef = F9C5E088241091ECD6698E94 /* SnapEngineTests.swift */; };
		DFF709FACB4CB41F7F73489B /* GlobalHotkeyManager.swift in Sources */ = {isa = PBXBuildFile; fileRef = 1C5A4325641893ECDB8B3793 /* GlobalHotkeyManager.swift */; };
		E0A05BFC2C19D8D52FE2D3F6 /* MockCommandDispatcher.swift in Sources */ = {isa = PBXBuildFile; fileRef = BB7CAD28D95BC172FAAF26A8 /* MockCommandDispatcher.swift */; };
		E14FEB1B270148B926026E5B /* AccessibilityPermissionProvider.swift in Sources */ = {isa = PBXBuildFile; fileRef = E43019770C882BE99A2A24A2 /* AccessibilityPermissionProvider.swift */; };
		E3CED88FD6DD4221BFCE8275 /* LayoutCalculating.swift in Sources */ = {isa = PBXBuildFile; fileRef = A9C2B39D95E9A7EF7F084843 /* LayoutCalculating.swift */; };
		E43DC99CA7EB2322EA1A5F42 /* MockWindowManaging.swift in Sources */ = {isa = PBXBuildFile; fileRef = 6D6B40BD6F953D389B15ACFB /* MockWindowManaging.swift */; };
		E470DCA68EBAF7157B4A679D /* WindowManager.swift in Sources */ = {isa = PBXBuildFile; fileRef = C8D0453BEFA30D4D700FA3F9 /* WindowManager.swift */; };
		E4A0ACB137394CC17EBF22DF /* WindowPlacement.swift in Sources */ = {isa = PBXBuildFile; fileRef = 99D8C206B74A7A3730798DAB /* WindowPlacement.swift */; };
		E57C62351AC10FCD6B532820 /* SnapLayoutPickerManagerTests.swift in Sources */ = {isa = PBXBuildFile; fileRef = E8D2731BB99B1564CBF2D139 /* SnapLayoutPickerManagerTests.swift */; };
		E624413D6DC5071304C80D54 /* MockGlobalHotkeyManager.swift in Sources */ = {isa = PBXBuildFile; fileRef = 6796640B54466D70EFD5A929 /* MockGlobalHotkeyManager.swift */; };
		E90138B69F2EB77E70272374 /* KeyboardShortcutTests.swift in Sources */ = {isa = PBXBuildFile; fileRef = 66B93DD58D0543436170428F /* KeyboardShortcutTests.swift */; };
		ECF84AB658E05DDDA3322AB1 /* LayoutZone.swift in Sources */ = {isa = PBXBuildFile; fileRef = CD1416DBF6D078EC3420DDC1 /* LayoutZone.swift */; };
		EDBBFB35DE035BFA9CD5A122 /* SystemSettingsRouter.swift in Sources */ = {isa = PBXBuildFile; fileRef = 9DDE2E77E406CFDF8547F5FE /* SystemSettingsRouter.swift */; };
		F3797967E217CC2C653E09FF /* MultiMonitorSnapEngineTests.swift in Sources */ = {isa = PBXBuildFile; fileRef = 615B2559672792FFE7465C4F /* MultiMonitorSnapEngineTests.swift */; };
		F3F07CA7CF7DFE2D08141325 /* DragToSnapCoordinator.swift in Sources */ = {isa = PBXBuildFile; fileRef = D6B091BED16E1302709EB19D /* DragToSnapCoordinator.swift */; };
		F5039895FE663F64B7D659ED /* SnapLayoutPickerManaging.swift in Sources */ = {isa = PBXBuildFile; fileRef = 3D961BB02BC3E820B3D1D972 /* SnapLayoutPickerManaging.swift */; };
		F729541E553B4408C2F0CC75 /* LayoutZone.swift in Sources */ = {isa = PBXBuildFile; fileRef = CD1416DBF6D078EC3420DDC1 /* LayoutZone.swift */; };
		FDC3B1D4C0A0F461DF6468D7 /* LayoutEngine.swift in Sources */ = {isa = PBXBuildFile; fileRef = C83FDEF7A27D286A096EFAF2 /* LayoutEngine.swift */; };
/* End PBXBuildFile section */

/* Begin PBXContainerItemProxy section */
		EBD739C488D26F8747A13C55 /* PBXContainerItemProxy */ = {
			isa = PBXContainerItemProxy;
			containerPortal = C987FA6D3CAC5C5C1E6A0F1F /* Project object */;
			proxyType = 1;
			remoteGlobalIDString = E82218D9AEDCB562FABC543D;
			remoteInfo = FlowSnap;
		};
/* End PBXContainerItemProxy section */

/* Begin PBXFileReference section */
		01516D7EAF5546C728E483AC /* SettingsView.swift */ = {isa = PBXFileReference; lastKnownFileType = sourcecode.swift; path = SettingsView.swift; sourceTree = "<group>"; };
		062079EDEE1DEE1DD6F161B8 /* SnapPreviewSnapshotRenderer.swift */ = {isa = PBXFileReference; lastKnownFileType = sourcecode.swift; path = SnapPreviewSnapshotRenderer.swift; sourceTree = "<group>"; };
		08FA844B145B9202F72B62F4 /* MenuBarViewModel.swift */ = {isa = PBXFileReference; lastKnownFileType = sourcecode.swift; path = MenuBarViewModel.swift; sourceTree = "<group>"; };
		0E59D7D6510043500BD6E2B0 /* WindowManaging.swift */ = {isa = PBXFileReference; lastKnownFileType = sourcecode.swift; path = WindowManaging.swift; sourceTree = "<group>"; };
		0F9B9E6D18AEB5716E9CAEE2 /* FlowSnapLab.app */ = {isa = PBXFileReference; explicitFileType = wrapper.application; includeInIndex = 0; path = FlowSnapLab.app; sourceTree = BUILT_PRODUCTS_DIR; };
		157702A6B1E69AED76E1142E /* AccessibilityServiceTests.swift */ = {isa = PBXFileReference; lastKnownFileType = sourcecode.swift; path = AccessibilityServiceTests.swift; sourceTree = "<group>"; };
		1770CC3CBCA9243288328731 /* DragToSnapCoordinatorTests.swift */ = {isa = PBXFileReference; lastKnownFileType = sourcecode.swift; path = DragToSnapCoordinatorTests.swift; sourceTree = "<group>"; };
		1C5A4325641893ECDB8B3793 /* GlobalHotkeyManager.swift */ = {isa = PBXFileReference; lastKnownFileType = sourcecode.swift; path = GlobalHotkeyManager.swift; sourceTree = "<group>"; };
		1C8140860715C5605A9A5D22 /* FlowSnapApp.swift */ = {isa = PBXFileReference; lastKnownFileType = sourcecode.swift; path = FlowSnapApp.swift; sourceTree = "<group>"; };
		1DDCF67D6AF358E7276AA0AB /* WindowClassification.swift */ = {isa = PBXFileReference; lastKnownFileType = sourcecode.swift; path = WindowClassification.swift; sourceTree = "<group>"; };
		253B998D2444EA6194140B3A /* AppDependencies.swift */ = {isa = PBXFileReference; lastKnownFileType = sourcecode.swift; path = AppDependencies.swift; sourceTree = "<group>"; };
		2E1DC342D46E4BDB27182C07 /* DisplayManaging.swift */ = {isa = PBXFileReference; lastKnownFileType = sourcecode.swift; path = DisplayManaging.swift; sourceTree = "<group>"; };
		34C2CE7E99F6B9239288BEE1 /* WindowEvent.swift */ = {isa = PBXFileReference; lastKnownFileType = sourcecode.swift; path = WindowEvent.swift; sourceTree = "<group>"; };
		3C4478153F69D2D41C613786 /* SnapLayoutPickerPanel.swift */ = {isa = PBXFileReference; lastKnownFileType = sourcecode.swift; path = SnapLayoutPickerPanel.swift; sourceTree = "<group>"; };
		3C96C139A2A24F6EE9885AEC /* FlowSnapTests.xctest */ = {isa = PBXFileReference; explicitFileType = wrapper.cfbundle; includeInIndex = 0; path = FlowSnapTests.xctest; sourceTree = BUILT_PRODUCTS_DIR; };
		3D961BB02BC3E820B3D1D972 /* SnapLayoutPickerManaging.swift */ = {isa = PBXFileReference; lastKnownFileType = sourcecode.swift; path = SnapLayoutPickerManaging.swift; sourceTree = "<group>"; };
		3E1AAF1144FB50C946EB1A00 /* CommandDispatcher.swift */ = {isa = PBXFileReference; lastKnownFileType = sourcecode.swift; path = CommandDispatcher.swift; sourceTree = "<group>"; };
		3F5CDE4302888B2B4A80F528 /* CoordinateTransformer.swift */ = {isa = PBXFileReference; lastKnownFileType = sourcecode.swift; path = CoordinateTransformer.swift; sourceTree = "<group>"; };
		40AE155D33959E6CDC872DAA /* WindowCommand.swift */ = {isa = PBXFileReference; lastKnownFileType = sourcecode.swift; path = WindowCommand.swift; sourceTree = "<group>"; };
		4F91DA228E94E526F2A61D18 /* LayoutEngineTests.swift */ = {isa = PBXFileReference; lastKnownFileType = sourcecode.swift; path = LayoutEngineTests.swift; sourceTree = "<group>"; };
		56104E88ECCBCB9B36C272D0 /* LayoutSlot.swift */ = {isa = PBXFileReference; lastKnownFileType = sourcecode.swift; path = LayoutSlot.swift; sourceTree = "<group>"; };
		57413B20AF57620434884EF1 /* Info.plist */ = {isa = PBXFileReference; lastKnownFileType = text.plist; path = Info.plist; sourceTree = "<group>"; };
		5A1BACB9CF1191FBA5D92E29 /* SnapDetectionResult.swift */ = {isa = PBXFileReference; lastKnownFileType = sourcecode.swift; path = SnapDetectionResult.swift; sourceTree = "<group>"; };
		5B6421FE8A5A8FAB80D70143 /* GlobalHotkeyManaging.swift */ = {isa = PBXFileReference; lastKnownFileType = sourcecode.swift; path = GlobalHotkeyManaging.swift; sourceTree = "<group>"; };
		5C5CFF0556705A5A4FCB45F8 /* SnapPreviewManaging.swift */ = {isa = PBXFileReference; lastKnownFileType = sourcecode.swift; path = SnapPreviewManaging.swift; sourceTree = "<group>"; };
		5CE9C61ABB086757AADC21CB /* GeneralSettingsView.swift */ = {isa = PBXFileReference; lastKnownFileType = sourcecode.swift; path = GeneralSettingsView.swift; sourceTree = "<group>"; };
		5FD4689A896B1DA2CBCCDEED /* WindowKind.swift */ = {isa = PBXFileReference; lastKnownFileType = sourcecode.swift; path = WindowKind.swift; sourceTree = "<group>"; };
		615B2559672792FFE7465C4F /* MultiMonitorSnapEngineTests.swift */ = {isa = PBXFileReference; lastKnownFileType = sourcecode.swift; path = MultiMonitorSnapEngineTests.swift; sourceTree = "<group>"; };
		62D161FB100C76864DFB4BC2 /* MenuBarView.swift */ = {isa = PBXFileReference; lastKnownFileType = sourcecode.swift; path = MenuBarView.swift; sourceTree = "<group>"; };
		6315D6754B25CC7092C6F0B4 /* MouseDragTracker.swift */ = {isa = PBXFileReference; lastKnownFileType = sourcecode.swift; path = MouseDragTracker.swift; sourceTree = "<group>"; };
		63733F0E866C2305895BB57F /* AppDelegate.swift */ = {isa = PBXFileReference; lastKnownFileType = sourcecode.swift; path = AppDelegate.swift; sourceTree = "<group>"; };
		653A6E84B108C9D50A69E0B9 /* MenuBarAction.swift */ = {isa = PBXFileReference; lastKnownFileType = sourcecode.swift; path = MenuBarAction.swift; sourceTree = "<group>"; };
		66B93DD58D0543436170428F /* KeyboardShortcutTests.swift */ = {isa = PBXFileReference; lastKnownFileType = sourcecode.swift; path = KeyboardShortcutTests.swift; sourceTree = "<group>"; };
		6796640B54466D70EFD5A929 /* MockGlobalHotkeyManager.swift */ = {isa = PBXFileReference; lastKnownFileType = sourcecode.swift; path = MockGlobalHotkeyManager.swift; sourceTree = "<group>"; };
		690B82FE8C496AF9D02DC126 /* MockAccessibilityService.swift */ = {isa = PBXFileReference; lastKnownFileType = sourcecode.swift; path = MockAccessibilityService.swift; sourceTree = "<group>"; };
		695ACF86831A27621CBF2F7E /* SnapDetector.swift */ = {isa = PBXFileReference; lastKnownFileType = sourcecode.swift; path = SnapDetector.swift; sourceTree = "<group>"; };
		6D6B40BD6F953D389B15ACFB /* MockWindowManaging.swift */ = {isa = PBXFileReference; lastKnownFileType = sourcecode.swift; path = MockWindowManaging.swift; sourceTree = "<group>"; };
		6EE0245EE1CAFDD5CF0D07F1 /* PreferencesStore.swift */ = {isa = PBXFileReference; lastKnownFileType = sourcecode.swift; path = PreferencesStore.swift; sourceTree = "<group>"; };
		7068EE6A183791B48D5D25DE /* FlowSnapLabApp.swift */ = {isa = PBXFileReference; lastKnownFileType = sourcecode.swift; path = FlowSnapLabApp.swift; sourceTree = "<group>"; };
		70E7F1494429A2DE1F8D0571 /* CoordinateTransformerTests.swift */ = {isa = PBXFileReference; lastKnownFileType = sourcecode.swift; path = CoordinateTransformerTests.swift; sourceTree = "<group>"; };
		75529D8EAACB273C667003CB /* FlowSnap.entitlements */ = {isa = PBXFileReference; lastKnownFileType = text.plist.entitlements; path = FlowSnap.entitlements; sourceTree = "<group>"; };
		76D02C4F0C0E7AA130704FD3 /* AXAccessibilityService.swift */ = {isa = PBXFileReference; lastKnownFileType = sourcecode.swift; path = AXAccessibilityService.swift; sourceTree = "<group>"; };
		76D0B80FCFB6F792B006F531 /* AccessibilityError.swift */ = {isa = PBXFileReference; lastKnownFileType = sourcecode.swift; path = AccessibilityError.swift; sourceTree = "<group>"; };
		79930ED10BB9BB64F86CBEE6 /* DisplayManagerTests.swift */ = {isa = PBXFileReference; lastKnownFileType = sourcecode.swift; path = DisplayManagerTests.swift; sourceTree = "<group>"; };
		7ABE6409E670E0592E4AC677 /* GhostMorphPanel.swift */ = {isa = PBXFileReference; lastKnownFileType = sourcecode.swift; path = GhostMorphPanel.swift; sourceTree = "<group>"; };
		7BE52C1D2D665DD9E9353D73 /* WorkspaceObserver.swift */ = {isa = PBXFileReference; lastKnownFileType = sourcecode.swift; path = WorkspaceObserver.swift; sourceTree = "<group>"; };
		83C1425FD59382AD5120BE19 /* LayoutZoneTests.swift */ = {isa = PBXFileReference; lastKnownFileType = sourcecode.swift; path = LayoutZoneTests.swift; sourceTree = "<group>"; };
		8C86D590DB737A38A6004AFC /* FlowSnap.app */ = {isa = PBXFileReference; explicitFileType = wrapper.application; includeInIndex = 0; path = FlowSnap.app; sourceTree = BUILT_PRODUCTS_DIR; };
		8DDB982014F80B64A35B61FE /* SnapPreviewView.swift */ = {isa = PBXFileReference; lastKnownFileType = sourcecode.swift; path = SnapPreviewView.swift; sourceTree = "<group>"; };
		90B696D10DEDDB99239B2616 /* MenuBarSnapshotRenderer.swift */ = {isa = PBXFileReference; lastKnownFileType = sourcecode.swift; path = MenuBarSnapshotRenderer.swift; sourceTree = "<group>"; };
		917233E614F66482F68EB4C8 /* SnapPreviewPanel.swift */ = {isa = PBXFileReference; lastKnownFileType = sourcecode.swift; path = SnapPreviewPanel.swift; sourceTree = "<group>"; };
		9329DD1D2BB54E77B49F4DF2 /* SpaceManaging.swift */ = {isa = PBXFileReference; lastKnownFileType = sourcecode.swift; path = SpaceManaging.swift; sourceTree = "<group>"; };
		94FAC609D843724BE2A35D6C /* SnapLayoutPickerSnapshotRenderer.swift */ = {isa = PBXFileReference; lastKnownFileType = sourcecode.swift; path = SnapLayoutPickerSnapshotRenderer.swift; sourceTree = "<group>"; };
		96C37D1A8C736ADE0A6350BB /* ShortcutSettingsView.swift */ = {isa = PBXFileReference; lastKnownFileType = sourcecode.swift; path = ShortcutSettingsView.swift; sourceTree = "<group>"; };
		99CCBFB82F9AFF970639431B /* Layout.swift */ = {isa = PBXFileReference; lastKnownFileType = sourcecode.swift; path = Layout.swift; sourceTree = "<group>"; };
		99D8C206B74A7A3730798DAB /* WindowPlacement.swift */ = {isa = PBXFileReference; lastKnownFileType = sourcecode.swift; path = WindowPlacement.swift; sourceTree = "<group>"; };
		9C45EBED36C097796E6CD70A /* Workspace.swift */ = {isa = PBXFileReference; lastKnownFileType = sourcecode.swift; path = Workspace.swift; sourceTree = "<group>"; };
		9DDE2E77E406CFDF8547F5FE /* SystemSettingsRouter.swift */ = {isa = PBXFileReference; lastKnownFileType = sourcecode.swift; path = SystemSettingsRouter.swift; sourceTree = "<group>"; };
		9E52A8E94F9EB5A1D0F44862 /* Display.swift */ = {isa = PBXFileReference; lastKnownFileType = sourcecode.swift; path = Display.swift; sourceTree = "<group>"; };
		A1B38366ACAB309B3578DAB7 /* MenuBarViewModelTests.swift */ = {isa = PBXFileReference; lastKnownFileType = sourcecode.swift; path = MenuBarViewModelTests.swift; sourceTree = "<group>"; };
		A2DF15A0E9D6F66564F8FE16 /* WindowPolicyManager.swift */ = {isa = PBXFileReference; lastKnownFileType = sourcecode.swift; path = WindowPolicyManager.swift; sourceTree = "<group>"; };
		A7D036E46C318D613851C247 /* LayoutEngineOddPixelTests.swift */ = {isa = PBXFileReference; lastKnownFileType = sourcecode.swift; path = LayoutEngineOddPixelTests.swift; sourceTree = "<group>"; };
		A9C2B39D95E9A7EF7F084843 /* LayoutCalculating.swift */ = {isa = PBXFileReference; lastKnownFileType = sourcecode.swift; path = LayoutCalculating.swift; sourceTree = "<group>"; };
		ACB206EE2C4737642FEF4B25 /* MockDisplayManager.swift */ = {isa = PBXFileReference; lastKnownFileType = sourcecode.swift; path = MockDisplayManager.swift; sourceTree = "<group>"; };
		AD386546615547AC5ED4C613 /* WindowRegistryTests.swift */ = {isa = PBXFileReference; lastKnownFileType = sourcecode.swift; path = WindowRegistryTests.swift; sourceTree = "<group>"; };
		ADA412B9E411DF21D0643F9E /* GlobalHotkeyManagerTests.swift */ = {isa = PBXFileReference; lastKnownFileType = sourcecode.swift; path = GlobalHotkeyManagerTests.swift; sourceTree = "<group>"; };
		AFFABBDB45AD79B4AC9397B4 /* AccessibilityService.swift */ = {isa = PBXFileReference; lastKnownFileType = sourcecode.swift; path = AccessibilityService.swift; sourceTree = "<group>"; };
		B3AEED54CA5E1FDA463F255E /* EventBus.swift */ = {isa = PBXFileReference; lastKnownFileType = sourcecode.swift; path = EventBus.swift; sourceTree = "<group>"; };
		BB7CAD28D95BC172FAAF26A8 /* MockCommandDispatcher.swift */ = {isa = PBXFileReference; lastKnownFileType = sourcecode.swift; path = MockCommandDispatcher.swift; sourceTree = "<group>"; };
		C14A87486FA023014BA8066D /* SnapLayoutPickerManager.swift */ = {isa = PBXFileReference; lastKnownFileType = sourcecode.swift; path = SnapLayoutPickerManager.swift; sourceTree = "<group>"; };
		C2C2CF54482D2585B9587ADE /* CommandDispatcherTests.swift */ = {isa = PBXFileReference; lastKnownFileType = sourcecode.swift; path = CommandDispatcherTests.swift; sourceTree = "<group>"; };
		C421941EF1203585A4824A56 /* MouseDragTracking.swift */ = {isa = PBXFileReference; lastKnownFileType = sourcecode.swift; path = MouseDragTracking.swift; sourceTree = "<group>"; };
		C46DA3A268479EBFE769CEFD /* ApplicationRulesView.swift */ = {isa = PBXFileReference; lastKnownFileType = sourcecode.swift; path = ApplicationRulesView.swift; sourceTree = "<group>"; };
		C7DBCB6549464BF0471FD867 /* Info.plist */ = {isa = PBXFileReference; lastKnownFileType = text.plist; path = Info.plist; sourceTree = "<group>"; };
		C83FDEF7A27D286A096EFAF2 /* LayoutEngine.swift */ = {isa = PBXFileReference; lastKnownFileType = sourcecode.swift; path = LayoutEngine.swift; sourceTree = "<group>"; };
		C8D0453BEFA30D4D700FA3F9 /* WindowManager.swift */ = {isa = PBXFileReference; lastKnownFileType = sourcecode.swift; path = WindowManager.swift; sourceTree = "<group>"; };
		C9E6AF4238A49FEFBA48A402 /* InputMonitoringPermissionProvider.swift */ = {isa = PBXFileReference; lastKnownFileType = sourcecode.swift; path = InputMonitoringPermissionProvider.swift; sourceTree = "<group>"; };
		CD1416DBF6D078EC3420DDC1 /* LayoutZone.swift */ = {isa = PBXFileReference; lastKnownFileType = sourcecode.swift; path = LayoutZone.swift; sourceTree = "<group>"; };
		D37AE49DFA333D20E705391E /* KeyboardShortcut.swift */ = {isa = PBXFileReference; lastKnownFileType = sourcecode.swift; path = KeyboardShortcut.swift; sourceTree = "<group>"; };
		D6B091BED16E1302709EB19D /* DragToSnapCoordinator.swift */ = {isa = PBXFileReference; lastKnownFileType = sourcecode.swift; path = DragToSnapCoordinator.swift; sourceTree = "<group>"; };
		D7FF830A73925B54810D8FE9 /* SnapTarget.swift */ = {isa = PBXFileReference; lastKnownFileType = sourcecode.swift; path = SnapTarget.swift; sourceTree = "<group>"; };
		D8276D33EFA9437CFA5D20EF /* ManagedWindowTests.swift */ = {isa = PBXFileReference; lastKnownFileType = sourcecode.swift; path = ManagedWindowTests.swift; sourceTree = "<group>"; };
		D987C0F7235F0BC2657BC60D /* MockMouseDragTracker.swift */ = {isa = PBXFileReference; lastKnownFileType = sourcecode.swift; path = MockMouseDragTracker.swift; sourceTree = "<group>"; };
		DBEF5A45967837FE4040D7E2 /* ManagedWindow.swift */ = {isa = PBXFileReference; lastKnownFileType = sourcecode.swift; path = ManagedWindow.swift; sourceTree = "<group>"; };
		DE48FF80DAE84CFEEF9C14F0 /* WorkspaceStore.swift */ = {isa = PBXFileReference; lastKnownFileType = sourcecode.swift; path = WorkspaceStore.swift; sourceTree = "<group>"; };
		DFCFB4457CC1B58EEB23BA8D /* SnapDetectorTests.swift */ = {isa = PBXFileReference; lastKnownFileType = sourcecode.swift; path = SnapDetectorTests.swift; sourceTree = "<group>"; };
		E0D31E99F5C0CA14EF798B7A /* SnapLayoutPickerView.swift */ = {isa = PBXFileReference; lastKnownFileType = sourcecode.swift; path = SnapLayoutPickerView.swift; sourceTree = "<group>"; };
		E3E2160B91A2A106A84779F1 /* MockSnapPreviewManager.swift */ = {isa = PBXFileReference; lastKnownFileType = sourcecode.swift; path = MockSnapPreviewManager.swift; sourceTree = "<group>"; };
		E43019770C882BE99A2A24A2 /* AccessibilityPermissionProvider.swift */ = {isa = PBXFileReference; lastKnownFileType = sourcecode.swift; path = AccessibilityPermissionProvider.swift; sourceTree = "<group>"; };
		E86A52CDD346011E59BA03BE /* LayoutTemplate.swift */ = {isa = PBXFileReference; lastKnownFileType = sourcecode.swift; path = LayoutTemplate.swift; sourceTree = "<group>"; };
		E8D2731BB99B1564CBF2D139 /* SnapLayoutPickerManagerTests.swift */ = {isa = PBXFileReference; lastKnownFileType = sourcecode.swift; path = SnapLayoutPickerManagerTests.swift; sourceTree = "<group>"; };
		E8DC4D44B8F281D8801C2B8C /* WindowPolicy.swift */ = {isa = PBXFileReference; lastKnownFileType = sourcecode.swift; path = WindowPolicy.swift; sourceTree = "<group>"; };
		ECE5E8FFB2338A216810243A /* HotkeyBinding.swift */ = {isa = PBXFileReference; lastKnownFileType = sourcecode.swift; path = HotkeyBinding.swift; sourceTree = "<group>"; };
		EDACBDDD0A94D4F5D20661DD /* SnapDetecting.swift */ = {isa = PBXFileReference; lastKnownFileType = sourcecode.swift; path = SnapDetecting.swift; sourceTree = "<group>"; };
		EF0AA383DB2666E492CAD137 /* Assets.xcassets */ = {isa = PBXFileReference; lastKnownFileType = folder.assetcatalog; path = Assets.xcassets; sourceTree = "<group>"; };
		F1118841502C213CD6201BD5 /* DisplayManager.swift */ = {isa = PBXFileReference; lastKnownFileType = sourcecode.swift; path = DisplayManager.swift; sourceTree = "<group>"; };
		F3215611D5E316EDFE63ABC5 /* WindowRegistry.swift */ = {isa = PBXFileReference; lastKnownFileType = sourcecode.swift; path = WindowRegistry.swift; sourceTree = "<group>"; };
		F3F6FCCD453ED6DA21D35F89 /* SnapEngine.swift */ = {isa = PBXFileReference; lastKnownFileType = sourcecode.swift; path = SnapEngine.swift; sourceTree = "<group>"; };
		F52B3EF81167806134CD93A0 /* WorkspaceManager.swift */ = {isa = PBXFileReference; lastKnownFileType = sourcecode.swift; path = WorkspaceManager.swift; sourceTree = "<group>"; };
		F8BAB02898594FFE68F841F1 /* MockSnapLayoutPickerManager.swift */ = {isa = PBXFileReference; lastKnownFileType = sourcecode.swift; path = MockSnapLayoutPickerManager.swift; sourceTree = "<group>"; };
		F9C5E088241091ECD6698E94 /* SnapEngineTests.swift */ = {isa = PBXFileReference; lastKnownFileType = sourcecode.swift; path = SnapEngineTests.swift; sourceTree = "<group>"; };
/* End PBXFileReference section */

/* Begin PBXGroup section */
		07FDC45A365E962596AA583B /* Window */ = {
			isa = PBXGroup;
			children = (
				76D0B80FCFB6F792B006F531 /* AccessibilityError.swift */,
				DBEF5A45967837FE4040D7E2 /* ManagedWindow.swift */,
				5FD4689A896B1DA2CBCCDEED /* WindowKind.swift */,
				E8DC4D44B8F281D8801C2B8C /* WindowPolicy.swift */,
			);
			path = Window;
			sourceTree = "<group>";
		};
		27D50972EC84252C820DAD51 /* macOS */ = {
			isa = PBXGroup;
			children = (
				6315D6754B25CC7092C6F0B4 /* MouseDragTracker.swift */,
				9329DD1D2BB54E77B49F4DF2 /* SpaceManaging.swift */,
				9DDE2E77E406CFDF8547F5FE /* SystemSettingsRouter.swift */,
				7BE52C1D2D665DD9E9353D73 /* WorkspaceObserver.swift */,
			);
			path = macOS;
			sourceTree = "<group>";
		};
		2CFE0BB07A0ABC80F74AA61A /* Commands */ = {
			isa = PBXGroup;
			children = (
				D7FF830A73925B54810D8FE9 /* SnapTarget.swift */,
				40AE155D33959E6CDC872DAA /* WindowCommand.swift */,
			);
			path = Commands;
			sourceTree = "<group>";
		};
		313D43D697CBE796DA366781 /* Display */ = {
			isa = PBXGroup;
			children = (
				9E52A8E94F9EB5A1D0F44862 /* Display.swift */,
			);
			path = Display;
			sourceTree = "<group>";
		};
		3962405C19679E7B7086131F /* LayoutPicker */ = {
			isa = PBXGroup;
			children = (
				C14A87486FA023014BA8066D /* SnapLayoutPickerManager.swift */,
				3C4478153F69D2D41C613786 /* SnapLayoutPickerPanel.swift */,
				E0D31E99F5C0CA14EF798B7A /* SnapLayoutPickerView.swift */,
			);
			path = LayoutPicker;
			sourceTree = "<group>";
		};
		4D4A75797BBEF04C1375CC4C /* Domain */ = {
			isa = PBXGroup;
			children = (
				66B93DD58D0543436170428F /* KeyboardShortcutTests.swift */,
				83C1425FD59382AD5120BE19 /* LayoutZoneTests.swift */,
				D8276D33EFA9437CFA5D20EF /* ManagedWindowTests.swift */,
			);
			path = Domain;
			sourceTree = "<group>";
		};
		4FB4DCD42F0E5EED7DCD93CE /* Persistence */ = {
			isa = PBXGroup;
			children = (
				6EE0245EE1CAFDD5CF0D07F1 /* PreferencesStore.swift */,
				DE48FF80DAE84CFEEF9C14F0 /* WorkspaceStore.swift */,
			);
			path = Persistence;
			sourceTree = "<group>";
		};
		5055BEA91118C9C9A8430311 /* Workspace */ = {
			isa = PBXGroup;
			children = (
				99D8C206B74A7A3730798DAB /* WindowPlacement.swift */,
				9C45EBED36C097796E6CD70A /* Workspace.swift */,
			);
			path = Workspace;
			sourceTree = "<group>";
		};
		54F33A496F0F4A02C050404E /* Products */ = {
			isa = PBXGroup;
			children = (
				8C86D590DB737A38A6004AFC /* FlowSnap.app */,
				0F9B9E6D18AEB5716E9CAEE2 /* FlowSnapLab.app */,
				3C96C139A2A24F6EE9885AEC /* FlowSnapTests.xctest */,
			);
			name = Products;
			sourceTree = "<group>";
		};
		57AD1716133A69290481A00B /* Workspace */ = {
			isa = PBXGroup;
			children = (
				F52B3EF81167806134CD93A0 /* WorkspaceManager.swift */,
			);
			path = Workspace;
			sourceTree = "<group>";
		};
		5A23C61E163C8E8965D088EF /* Display */ = {
			isa = PBXGroup;
			children = (
				3F5CDE4302888B2B4A80F528 /* CoordinateTransformer.swift */,
				2E1DC342D46E4BDB27182C07 /* DisplayManaging.swift */,
			);
			path = Display;
			sourceTree = "<group>";
		};
		5ED898E7C36FAF40C0EA7EC5 /* Infrastructure */ = {
			isa = PBXGroup;
			children = (
				738910F50CBBE99931A63818 /* Accessibility */,
				6344490C7D0F9E618810796B /* Display */,
				FECE043A4468F11DD7AC873D /* Hotkeys */,
				27D50972EC84252C820DAD51 /* macOS */,
				4FB4DCD42F0E5EED7DCD93CE /* Persistence */,
			);
			path = Infrastructure;
			sourceTree = "<group>";
		};
		6344490C7D0F9E618810796B /* Display */ = {
			isa = PBXGroup;
			children = (
				F1118841502C213CD6201BD5 /* DisplayManager.swift */,
			);
			path = Display;
			sourceTree = "<group>";
		};
		662186505D04B727685872D3 /* Layout */ = {
			isa = PBXGroup;
			children = (
				99CCBFB82F9AFF970639431B /* Layout.swift */,
				56104E88ECCBCB9B36C272D0 /* LayoutSlot.swift */,
				E86A52CDD346011E59BA03BE /* LayoutTemplate.swift */,
				CD1416DBF6D078EC3420DDC1 /* LayoutZone.swift */,
				C421941EF1203585A4824A56 /* MouseDragTracking.swift */,
				EDACBDDD0A94D4F5D20661DD /* SnapDetecting.swift */,
				5A1BACB9CF1191FBA5D92E29 /* SnapDetectionResult.swift */,
				3D961BB02BC3E820B3D1D972 /* SnapLayoutPickerManaging.swift */,
				5C5CFF0556705A5A4FCB45F8 /* SnapPreviewManaging.swift */,
			);
			path = Layout;
			sourceTree = "<group>";
		};
		68773B8D0FD725F68A2018F4 /* Settings */ = {
			isa = PBXGroup;
			children = (
				C46DA3A268479EBFE769CEFD /* ApplicationRulesView.swift */,
				5CE9C61ABB086757AADC21CB /* GeneralSettingsView.swift */,
				01516D7EAF5546C728E483AC /* SettingsView.swift */,
				96C37D1A8C736ADE0A6350BB /* ShortcutSettingsView.swift */,
			);
			path = Settings;
			sourceTree = "<group>";
		};
		738910F50CBBE99931A63818 /* Accessibility */ = {
			isa = PBXGroup;
			children = (
				E43019770C882BE99A2A24A2 /* AccessibilityPermissionProvider.swift */,
				AFFABBDB45AD79B4AC9397B4 /* AccessibilityService.swift */,
				76D02C4F0C0E7AA130704FD3 /* AXAccessibilityService.swift */,
				C9E6AF4238A49FEFBA48A402 /* InputMonitoringPermissionProvider.swift */,
			);
			path = Accessibility;
			sourceTree = "<group>";
		};
		7980405CB7A028C987A42815 /* Events */ = {
			isa = PBXGroup;
			children = (
				B3AEED54CA5E1FDA463F255E /* EventBus.swift */,
				1DDCF67D6AF358E7276AA0AB /* WindowClassification.swift */,
				34C2CE7E99F6B9239288BEE1 /* WindowEvent.swift */,
			);
			path = Events;
			sourceTree = "<group>";
		};
		7F5E231E83D5CB0FBD2D3DFE = {
			isa = PBXGroup;
			children = (
				D6A369BBCAF8AAE0002D51EF /* FlowSnap */,
				FE57CF9B222965B56FA9F9CF /* FlowSnapLab */,
				BDCD7FBD84346317D45CF101 /* FlowSnapTests */,
				54F33A496F0F4A02C050404E /* Products */,
			);
			sourceTree = "<group>";
		};
		8C269816BBCABD2AE5CE7BDD /* Core */ = {
			isa = PBXGroup;
			children = (
				C2C2CF54482D2585B9587ADE /* CommandDispatcherTests.swift */,
				70E7F1494429A2DE1F8D0571 /* CoordinateTransformerTests.swift */,
				1770CC3CBCA9243288328731 /* DragToSnapCoordinatorTests.swift */,
				A7D036E46C318D613851C247 /* LayoutEngineOddPixelTests.swift */,
				4F91DA228E94E526F2A61D18 /* LayoutEngineTests.swift */,
				615B2559672792FFE7465C4F /* MultiMonitorSnapEngineTests.swift */,
				DFCFB4457CC1B58EEB23BA8D /* SnapDetectorTests.swift */,
				F9C5E088241091ECD6698E94 /* SnapEngineTests.swift */,
				AD386546615547AC5ED4C613 /* WindowRegistryTests.swift */,
			);
			path = Core;
			sourceTree = "<group>";
		};
		904758E201EFC30CBD1D0A82 /* Resources */ = {
			isa = PBXGroup;
			children = (
				EF0AA383DB2666E492CAD137 /* Assets.xcassets */,
				75529D8EAACB273C667003CB /* FlowSnap.entitlements */,
				57413B20AF57620434884EF1 /* Info.plist */,
			);
			path = Resources;
			sourceTree = "<group>";
		};
		975F5FA17AD0166B5BBD311F /* MenuBar */ = {
			isa = PBXGroup;
			children = (
				62D161FB100C76864DFB4BC2 /* MenuBarView.swift */,
				08FA844B145B9202F72B62F4 /* MenuBarViewModel.swift */,
			);
			path = MenuBar;
			sourceTree = "<group>";
		};
		9C1016C885FB74B3B5D30815 /* Hotkeys */ = {
			isa = PBXGroup;
			children = (
				ECE5E8FFB2338A216810243A /* HotkeyBinding.swift */,
				D37AE49DFA333D20E705391E /* KeyboardShortcut.swift */,
			);
			path = Hotkeys;
			sourceTree = "<group>";
		};
		B08389C207099F093F5138D2 /* SnapPreview */ = {
			isa = PBXGroup;
			children = (
				7ABE6409E670E0592E4AC677 /* GhostMorphPanel.swift */,
				917233E614F66482F68EB4C8 /* SnapPreviewPanel.swift */,
				8DDB982014F80B64A35B61FE /* SnapPreviewView.swift */,
			);
			path = SnapPreview;
			sourceTree = "<group>";
		};
		B1E0D674DA707B1A28F1D97B /* UI */ = {
			isa = PBXGroup;
			children = (
				90B696D10DEDDB99239B2616 /* MenuBarSnapshotRenderer.swift */,
				A1B38366ACAB309B3578DAB7 /* MenuBarViewModelTests.swift */,
				E8D2731BB99B1564CBF2D139 /* SnapLayoutPickerManagerTests.swift */,
				94FAC609D843724BE2A35D6C /* SnapLayoutPickerSnapshotRenderer.swift */,
				062079EDEE1DEE1DD6F161B8 /* SnapPreviewSnapshotRenderer.swift */,
			);
			path = UI;
			sourceTree = "<group>";
		};
		B4F2BF246946B131DB1BCCBF /* Hotkeys */ = {
			isa = PBXGroup;
			children = (
				5B6421FE8A5A8FAB80D70143 /* GlobalHotkeyManaging.swift */,
			);
			path = Hotkeys;
			sourceTree = "<group>";
		};
		BDCD7FBD84346317D45CF101 /* FlowSnapTests */ = {
			isa = PBXGroup;
			children = (
				8C269816BBCABD2AE5CE7BDD /* Core */,
				4D4A75797BBEF04C1375CC4C /* Domain */,
				E1E32D2619B1080712B6AB76 /* Infrastructure */,
				FC2B53CE33311558F7191CC9 /* Mocks */,
				B1E0D674DA707B1A28F1D97B /* UI */,
			);
			path = FlowSnapTests;
			sourceTree = "<group>";
		};
		BF7811BD4DA6F0EBCF1FB5DE /* Domain */ = {
			isa = PBXGroup;
			children = (
				2CFE0BB07A0ABC80F74AA61A /* Commands */,
				313D43D697CBE796DA366781 /* Display */,
				9C1016C885FB74B3B5D30815 /* Hotkeys */,
				662186505D04B727685872D3 /* Layout */,
				F06B475D2719E5C66E96AA25 /* MenuBar */,
				07FDC45A365E962596AA583B /* Window */,
				5055BEA91118C9C9A8430311 /* Workspace */,
			);
			path = Domain;
			sourceTree = "<group>";
		};
		C71C504984DB9DB387617D40 /* Window */ = {
			isa = PBXGroup;
			children = (
				C8D0453BEFA30D4D700FA3F9 /* WindowManager.swift */,
				0E59D7D6510043500BD6E2B0 /* WindowManaging.swift */,
				F3215611D5E316EDFE63ABC5 /* WindowRegistry.swift */,
			);
			path = Window;
			sourceTree = "<group>";
		};
		CB40DD05CF74906309B081C4 /* Commands */ = {
			isa = PBXGroup;
			children = (
				3E1AAF1144FB50C946EB1A00 /* CommandDispatcher.swift */,
			);
			path = Commands;
			sourceTree = "<group>";
		};
		D5059571A404238053EB4D37 /* UI */ = {
			isa = PBXGroup;
			children = (
				3962405C19679E7B7086131F /* LayoutPicker */,
				975F5FA17AD0166B5BBD311F /* MenuBar */,
				68773B8D0FD725F68A2018F4 /* Settings */,
				B08389C207099F093F5138D2 /* SnapPreview */,
			);
			path = UI;
			sourceTree = "<group>";
		};
		D6A369BBCAF8AAE0002D51EF /* FlowSnap */ = {
			isa = PBXGroup;
			children = (
				E642622E5CFA0839D6949731 /* App */,
				DF05DFB1746E4CD918FCE836 /* Core */,
				BF7811BD4DA6F0EBCF1FB5DE /* Domain */,
				5ED898E7C36FAF40C0EA7EC5 /* Infrastructure */,
				904758E201EFC30CBD1D0A82 /* Resources */,
				D5059571A404238053EB4D37 /* UI */,
			);
			path = FlowSnap;
			sourceTree = "<group>";
		};
		DF05DFB1746E4CD918FCE836 /* Core */ = {
			isa = PBXGroup;
			children = (
				CB40DD05CF74906309B081C4 /* Commands */,
				5A23C61E163C8E8965D088EF /* Display */,
				7980405CB7A028C987A42815 /* Events */,
				B4F2BF246946B131DB1BCCBF /* Hotkeys */,
				F570FDF611E87D09F130B50C /* Layout */,
				F88D3CA69DF2067C2AA561F9 /* Policy */,
				C71C504984DB9DB387617D40 /* Window */,
				57AD1716133A69290481A00B /* Workspace */,
			);
			path = Core;
			sourceTree = "<group>";
		};
		E1E32D2619B1080712B6AB76 /* Infrastructure */ = {
			isa = PBXGroup;
			children = (
				157702A6B1E69AED76E1142E /* AccessibilityServiceTests.swift */,
				79930ED10BB9BB64F86CBEE6 /* DisplayManagerTests.swift */,
				ADA412B9E411DF21D0643F9E /* GlobalHotkeyManagerTests.swift */,
			);
			path = Infrastructure;
			sourceTree = "<group>";
		};
		E642622E5CFA0839D6949731 /* App */ = {
			isa = PBXGroup;
			children = (
				63733F0E866C2305895BB57F /* AppDelegate.swift */,
				253B998D2444EA6194140B3A /* AppDependencies.swift */,
				1C8140860715C5605A9A5D22 /* FlowSnapApp.swift */,
			);
			path = App;
			sourceTree = "<group>";
		};
		F06B475D2719E5C66E96AA25 /* MenuBar */ = {
			isa = PBXGroup;
			children = (
				653A6E84B108C9D50A69E0B9 /* MenuBarAction.swift */,
			);
			path = MenuBar;
			sourceTree = "<group>";
		};
		F570FDF611E87D09F130B50C /* Layout */ = {
			isa = PBXGroup;
			children = (
				D6B091BED16E1302709EB19D /* DragToSnapCoordinator.swift */,
				A9C2B39D95E9A7EF7F084843 /* LayoutCalculating.swift */,
				C83FDEF7A27D286A096EFAF2 /* LayoutEngine.swift */,
				695ACF86831A27621CBF2F7E /* SnapDetector.swift */,
				F3F6FCCD453ED6DA21D35F89 /* SnapEngine.swift */,
			);
			path = Layout;
			sourceTree = "<group>";
		};
		F88D3CA69DF2067C2AA561F9 /* Policy */ = {
			isa = PBXGroup;
			children = (
				A2DF15A0E9D6F66564F8FE16 /* WindowPolicyManager.swift */,
			);
			path = Policy;
			sourceTree = "<group>";
		};
		FC2B53CE33311558F7191CC9 /* Mocks */ = {
			isa = PBXGroup;
			children = (
				690B82FE8C496AF9D02DC126 /* MockAccessibilityService.swift */,
				BB7CAD28D95BC172FAAF26A8 /* MockCommandDispatcher.swift */,
				ACB206EE2C4737642FEF4B25 /* MockDisplayManager.swift */,
				6796640B54466D70EFD5A929 /* MockGlobalHotkeyManager.swift */,
				D987C0F7235F0BC2657BC60D /* MockMouseDragTracker.swift */,
				F8BAB02898594FFE68F841F1 /* MockSnapLayoutPickerManager.swift */,
				E3E2160B91A2A106A84779F1 /* MockSnapPreviewManager.swift */,
				6D6B40BD6F953D389B15ACFB /* MockWindowManaging.swift */,
			);
			path = Mocks;
			sourceTree = "<group>";
		};
		FE57CF9B222965B56FA9F9CF /* FlowSnapLab */ = {
			isa = PBXGroup;
			children = (
				7068EE6A183791B48D5D25DE /* FlowSnapLabApp.swift */,
				C7DBCB6549464BF0471FD867 /* Info.plist */,
			);
			path = FlowSnapLab;
			sourceTree = "<group>";
		};
		FECE043A4468F11DD7AC873D /* Hotkeys */ = {
			isa = PBXGroup;
			children = (
				1C5A4325641893ECDB8B3793 /* GlobalHotkeyManager.swift */,
			);
			path = Hotkeys;
			sourceTree = "<group>";
		};
/* End PBXGroup section */

/* Begin PBXNativeTarget section */
		650F86BD70869EF8A293CC86 /* FlowSnapTests */ = {
			isa = PBXNativeTarget;
			buildConfigurationList = FA94A2A1DB202080EAE4E908 /* Build configuration list for PBXNativeTarget "FlowSnapTests" */;
			buildPhases = (
				92648EE3758DD8846FD9F427 /* Sources */,
			);
			buildRules = (
			);
			dependencies = (
				CAB15845EDD8CAB17CDB2DF3 /* PBXTargetDependency */,
			);
			name = FlowSnapTests;
			packageProductDependencies = (
			);
			productName = FlowSnapTests;
			productReference = 3C96C139A2A24F6EE9885AEC /* FlowSnapTests.xctest */;
			productType = "com.apple.product-type.bundle.unit-test";
		};
		B5BD78D66C507AC27883FC2E /* FlowSnapLab */ = {
			isa = PBXNativeTarget;
			buildConfigurationList = 08CD161C996EBDFBFC52F01E /* Build configuration list for PBXNativeTarget "FlowSnapLab" */;
			buildPhases = (
				3555291D2AD89828C37C3BEB /* Sources */,
			);
			buildRules = (
			);
			dependencies = (
			);
			name = FlowSnapLab;
			packageProductDependencies = (
			);
			productName = FlowSnapLab;
			productReference = 0F9B9E6D18AEB5716E9CAEE2 /* FlowSnapLab.app */;
			productType = "com.apple.product-type.application";
		};
		E82218D9AEDCB562FABC543D /* FlowSnap */ = {
			isa = PBXNativeTarget;
			buildConfigurationList = 84A6EE4EB7EAF0E64ED1D1ED /* Build configuration list for PBXNativeTarget "FlowSnap" */;
			buildPhases = (
				99631C4246694929D19F7BA4 /* Sources */,
				2DC397910A8579CCF961218F /* Resources */,
			);
			buildRules = (
			);
			dependencies = (
			);
			name = FlowSnap;
			packageProductDependencies = (
			);
			productName = FlowSnap;
			productReference = 8C86D590DB737A38A6004AFC /* FlowSnap.app */;
			productType = "com.apple.product-type.application";
		};
/* End PBXNativeTarget section */

/* Begin PBXProject section */
		C987FA6D3CAC5C5C1E6A0F1F /* Project object */ = {
			isa = PBXProject;
			attributes = {
				BuildIndependentTargetsInParallel = YES;
				LastUpgradeCheck = 1600;
				TargetAttributes = {
				};
			};
			buildConfigurationList = 840D91E25D9F0BFAE6C2F824 /* Build configuration list for PBXProject "FlowSnap" */;
			developmentRegion = en;
			hasScannedForEncodings = 0;
			knownRegions = (
				Base,
				en,
			);
			mainGroup = 7F5E231E83D5CB0FBD2D3DFE;
			minimizedProjectReferenceProxies = 1;
			preferredProjectObjectVersion = 77;
			productRefGroup = 54F33A496F0F4A02C050404E /* Products */;
			projectDirPath = "";
			projectRoot = "";
			targets = (
				E82218D9AEDCB562FABC543D /* FlowSnap */,
				650F86BD70869EF8A293CC86 /* FlowSnapTests */,
				B5BD78D66C507AC27883FC2E /* FlowSnapLab */,
			);
		};
/* End PBXProject section */

/* Begin PBXResourcesBuildPhase section */
		2DC397910A8579CCF961218F /* Resources */ = {
			isa = PBXResourcesBuildPhase;
			buildActionMask = 2147483647;
			files = (
				15CB584E5ED755A2C6060074 /* Assets.xcassets in Resources */,
			);
			runOnlyForDeploymentPostprocessing = 0;
		};
/* End PBXResourcesBuildPhase section */

/* Begin PBXSourcesBuildPhase section */
		3555291D2AD89828C37C3BEB /* Sources */ = {
			isa = PBXSourcesBuildPhase;
			buildActionMask = 2147483647;
			files = (
				A9A0F47914A6FB47FB2FB644 /* AXAccessibilityService.swift in Sources */,
				39014ECFAEFC838D75C42FF3 /* AccessibilityError.swift in Sources */,
				01E00C6006103DACA95CD23A /* AccessibilityPermissionProvider.swift in Sources */,
				53E3894A4E60F57A8C2FA027 /* AccessibilityService.swift in Sources */,
				1B9118C686E4BC67368F15A4 /* CommandDispatcher.swift in Sources */,
				B09F8CA4BF2EAA18568EF1EF /* CoordinateTransformer.swift in Sources */,
				2BF4080A13A5F6401A0B4153 /* Display.swift in Sources */,
				9D6455D544889D0C3E7251C5 /* DisplayManager.swift in Sources */,
				A6BD730E62BC8F486FBB8674 /* DisplayManaging.swift in Sources */,
				DB5D6BEB09196B0BAE845300 /* DragToSnapCoordinator.swift in Sources */,
				D1D90B264D3CCF57472F2036 /* EventBus.swift in Sources */,
				43E6311A01ED29CD4821F122 /* FlowSnapLabApp.swift in Sources */,
				B7658400AFD7FF27C798A78F /* GhostMorphPanel.swift in Sources */,
				A650BB59C4EB60494569006D /* GlobalHotkeyManager.swift in Sources */,
				697ACF8092404B958E943367 /* GlobalHotkeyManaging.swift in Sources */,
				AD8A9F383369DE876E4898DD /* HotkeyBinding.swift in Sources */,
				647FAAFE999A08F132D60470 /* InputMonitoringPermissionProvider.swift in Sources */,
				0D0C536AE6805ADD51D25BEC /* KeyboardShortcut.swift in Sources */,
				9F338C6E3F351223BCE08429 /* Layout.swift in Sources */,
				E3CED88FD6DD4221BFCE8275 /* LayoutCalculating.swift in Sources */,
				C0EF9B556A04666E4F054B52 /* LayoutEngine.swift in Sources */,
				2B297BBFE9104DAA3B76763D /* LayoutSlot.swift in Sources */,
				D38943D8A9E1802FF5E9485F /* LayoutTemplate.swift in Sources */,
				F729541E553B4408C2F0CC75 /* LayoutZone.swift in Sources */,
				3DBF00D0C88F0962666AAAE0 /* ManagedWindow.swift in Sources */,
				5E4B331D10EA7EA19428B380 /* MenuBarAction.swift in Sources */,
				5D514036E10395D778F332BE /* MenuBarView.swift in Sources */,
				3673E933CBDC858ED26861C6 /* MenuBarViewModel.swift in Sources */,
				ADCC3D3499C0CA87BE801CE9 /* MouseDragTracker.swift in Sources */,
				85066C74D1A2689540F551EF /* MouseDragTracking.swift in Sources */,
				3CE25CB7975B6329B271F0E8 /* PreferencesStore.swift in Sources */,
				2946C04BA80503DEB94D6099 /* SnapDetecting.swift in Sources */,
				AA5A3906210BB4BAC19ECF69 /* SnapDetectionResult.swift in Sources */,
				C96E85D8401333B795EFAB10 /* SnapDetector.swift in Sources */,
				3CD93327ECE020CBA3191C57 /* SnapEngine.swift in Sources */,
				F5039895FE663F64B7D659ED /* SnapLayoutPickerManaging.swift in Sources */,
				B62A29B7DD07FC49170BFFD2 /* SnapPreviewManaging.swift in Sources */,
				36BEFDDF36D7745CA5A4D818 /* SnapPreviewPanel.swift in Sources */,
				D2BBF784C25DD3417F4348BA /* SnapPreviewView.swift in Sources */,
				507D3261C22426620A0FC3FD /* SnapTarget.swift in Sources */,
				603C49BD23A32046D90446A1 /* SpaceManaging.swift in Sources */,
				822A1EA7F662ED25A095C516 /* SystemSettingsRouter.swift in Sources */,
				B423E48FAB514D318198738D /* WindowClassification.swift in Sources */,
				C55AB549C23D054AA66D7C42 /* WindowCommand.swift in Sources */,
				2B15364C09FF8CE559B2CBAA /* WindowEvent.swift in Sources */,
				3EB8762A1EA26A72FD81A302 /* WindowKind.swift in Sources */,
				E470DCA68EBAF7157B4A679D /* WindowManager.swift in Sources */,
				48C72DADD60901C67006BB62 /* WindowManaging.swift in Sources */,
				3CE531AFED45D08A277DE28D /* WindowPlacement.swift in Sources */,
				C18D28F4BEFACD3106D1D055 /* WindowPolicy.swift in Sources */,
				974336002410667FBC5A3D21 /* WindowPolicyManager.swift in Sources */,
				4AB50F4074973F60C11142E3 /* WindowRegistry.swift in Sources */,
				7E1A6BE7BFD56068F27B0B4E /* Workspace.swift in Sources */,
				2C918AEBD7C5ACE39EC17782 /* WorkspaceManager.swift in Sources */,
				58956AC3379EF22C8B52DA55 /* WorkspaceObserver.swift in Sources */,
				A70755ACA41FD0343F2CA56C /* WorkspaceStore.swift in Sources */,
			);
			runOnlyForDeploymentPostprocessing = 0;
		};
		92648EE3758DD8846FD9F427 /* Sources */ = {
			isa = PBXSourcesBuildPhase;
			buildActionMask = 2147483647;
			files = (
				1DCFEA9586881AF7E980332B /* AccessibilityServiceTests.swift in Sources */,
				B36CC00511E63F9A7FC8E8DE /* CommandDispatcherTests.swift in Sources */,
				54FCA3E5976F94ECCE1E445A /* CoordinateTransformerTests.swift in Sources */,
				B87BAB2BEA6E07AF71CE5057 /* DisplayManagerTests.swift in Sources */,
				01A707D092D019168CED1743 /* DragToSnapCoordinatorTests.swift in Sources */,
				AF3EA493CC68900032EE9727 /* GlobalHotkeyManagerTests.swift in Sources */,
				E90138B69F2EB77E70272374 /* KeyboardShortcutTests.swift in Sources */,
				5148290E0887DC83963A9F9A /* LayoutEngineOddPixelTests.swift in Sources */,
				527F2E409FB9FF627C9B0694 /* LayoutEngineTests.swift in Sources */,
				0BA06492FD9D0846DC8C7AE8 /* LayoutZoneTests.swift in Sources */,
				4FFF34BF59000BFE90C31A65 /* ManagedWindowTests.swift in Sources */,
				5854938D931A4DD6671E2761 /* MenuBarSnapshotRenderer.swift in Sources */,
				0015C978B2014570CD6E970A /* MenuBarViewModelTests.swift in Sources */,
				9B6D36DDEBC9FB5404E1BDF6 /* MockAccessibilityService.swift in Sources */,
				E0A05BFC2C19D8D52FE2D3F6 /* MockCommandDispatcher.swift in Sources */,
				48C3F5452502C46907984E53 /* MockDisplayManager.swift in Sources */,
				E624413D6DC5071304C80D54 /* MockGlobalHotkeyManager.swift in Sources */,
				896F5039F01281D903743A80 /* MockMouseDragTracker.swift in Sources */,
				34A5C60FEC500B209BB23CB3 /* MockSnapLayoutPickerManager.swift in Sources */,
				3637FA178A9EC1DC229C6BE5 /* MockSnapPreviewManager.swift in Sources */,
				E43DC99CA7EB2322EA1A5F42 /* MockWindowManaging.swift in Sources */,
				F3797967E217CC2C653E09FF /* MultiMonitorSnapEngineTests.swift in Sources */,
				563581780C923099E97C6830 /* SnapDetectorTests.swift in Sources */,
				DD662910DCAD20C33B693FBA /* SnapEngineTests.swift in Sources */,
				E57C62351AC10FCD6B532820 /* SnapLayoutPickerManagerTests.swift in Sources */,
				2CEF5A5DD899D3D5E6457F8B /* SnapLayoutPickerSnapshotRenderer.swift in Sources */,
				6356BDE551800283E1BE9468 /* SnapPreviewSnapshotRenderer.swift in Sources */,
				AD7B354E5E8CC9BD777C2F03 /* WindowRegistryTests.swift in Sources */,
			);
			runOnlyForDeploymentPostprocessing = 0;
		};
		99631C4246694929D19F7BA4 /* Sources */ = {
			isa = PBXSourcesBuildPhase;
			buildActionMask = 2147483647;
			files = (
				30E8AE8738EC4532C54D15CF /* AXAccessibilityService.swift in Sources */,
				5EE65B389046FAADC099922B /* AccessibilityError.swift in Sources */,
				E14FEB1B270148B926026E5B /* AccessibilityPermissionProvider.swift in Sources */,
				1984D02B3B4D16EBE860150A /* AccessibilityService.swift in Sources */,
				1542AEF9EF3E838F289F7361 /* AppDelegate.swift in Sources */,
				576107A30EE0111CD35DAFB0 /* AppDependencies.swift in Sources */,
				B64E7C593055CCEC723AFB9C /* ApplicationRulesView.swift in Sources */,
				5360EBE7B4FF0382B7B44F58 /* CommandDispatcher.swift in Sources */,
				658710E4275C74AC337552AD /* CoordinateTransformer.swift in Sources */,
				81D4A8D2D4BA79CFF9BA9F1D /* Display.swift in Sources */,
				1FAED231F17977A8AA86A01A /* DisplayManager.swift in Sources */,
				1503E7F565EBA2C6031C6B00 /* DisplayManaging.swift in Sources */,
				F3F07CA7CF7DFE2D08141325 /* DragToSnapCoordinator.swift in Sources */,
				3081ABF3C1ECF494D5382253 /* EventBus.swift in Sources */,
				4CD62494E7C572C29DA28F2C /* FlowSnapApp.swift in Sources */,
				6B20456958CE8793C35AB039 /* GeneralSettingsView.swift in Sources */,
				68A4ED8B4E5BC219E36A9330 /* GhostMorphPanel.swift in Sources */,
				DFF709FACB4CB41F7F73489B /* GlobalHotkeyManager.swift in Sources */,
				203941AAAA61744139093351 /* GlobalHotkeyManaging.swift in Sources */,
				A1220A09147E13AD793E64D7 /* HotkeyBinding.swift in Sources */,
				51B45E330ACFBAE30290C5E3 /* InputMonitoringPermissionProvider.swift in Sources */,
				446B98FF28FA70B48EC04DC9 /* KeyboardShortcut.swift in Sources */,
				3517692F274E545D61FEFE01 /* Layout.swift in Sources */,
				8DE7192A1B7190E6213DA61B /* LayoutCalculating.swift in Sources */,
				FDC3B1D4C0A0F461DF6468D7 /* LayoutEngine.swift in Sources */,
				C7530A61D1B57F4FAC4F095C /* LayoutSlot.swift in Sources */,
				88795DA83AB6BD1689B060E1 /* LayoutTemplate.swift in Sources */,
				ECF84AB658E05DDDA3322AB1 /* LayoutZone.swift in Sources */,
				D7C6BA3A7303A3F3BA2AB407 /* ManagedWindow.swift in Sources */,
				170E7DA22E4F01A9354B8D4A /* MenuBarAction.swift in Sources */,
				1151B12C1F11349473627AAE /* MenuBarView.swift in Sources */,
				0C87D451692ACA9945DF7D08 /* MenuBarViewModel.swift in Sources */,
				085C44182063C920AFD99B7A /* MouseDragTracker.swift in Sources */,
				6F89CDBD125A3554DE63B747 /* MouseDragTracking.swift in Sources */,
				60C278D190E66675A0A8F0DF /* PreferencesStore.swift in Sources */,
				BBEB3C815C54C1DA5F725350 /* SettingsView.swift in Sources */,
				02D75FB018860A3CAD26075C /* ShortcutSettingsView.swift in Sources */,
				B1362B8BA53ECC223C1B4307 /* SnapDetecting.swift in Sources */,
				39D2D804B959BB2733D9588C /* SnapDetectionResult.swift in Sources */,
				2D608639419517BC17839810 /* SnapDetector.swift in Sources */,
				44C2DDD5666545D51B951B18 /* SnapEngine.swift in Sources */,
				5285F92FAF51EF1659A6E2BE /* SnapLayoutPickerManager.swift in Sources */,
				4D08B89DF2655F5F65FB1771 /* SnapLayoutPickerManaging.swift in Sources */,
				BDBA1165D640585414C372F7 /* SnapLayoutPickerPanel.swift in Sources */,
				979E351A281C764731321D4C /* SnapLayoutPickerView.swift in Sources */,
				C496D95DD1094015E5BFECDA /* SnapPreviewManaging.swift in Sources */,
				6C6527A2A62AE38E08EA5991 /* SnapPreviewPanel.swift in Sources */,
				953E573B720E191B6D86D841 /* SnapPreviewView.swift in Sources */,
				8932AA46A9C293F8DC6B5C1E /* SnapTarget.swift in Sources */,
				6832A5DE45B15A04224F4B23 /* SpaceManaging.swift in Sources */,
				EDBBFB35DE035BFA9CD5A122 /* SystemSettingsRouter.swift in Sources */,
				AC1FE9DB4C94843844598EC6 /* WindowClassification.swift in Sources */,
				2C06745ABDBEF158D5CE2E9A /* WindowCommand.swift in Sources */,
				90524EAD2D1453E8098C62B0 /* WindowEvent.swift in Sources */,
				5354C9E3B8C7CD6F513B436A /* WindowKind.swift in Sources */,
				3F83CC5BE7CDEB69D5B8AE61 /* WindowManager.swift in Sources */,
				629E6A7E06CFD4F8789D0FEC /* WindowManaging.swift in Sources */,
				E4A0ACB137394CC17EBF22DF /* WindowPlacement.swift in Sources */,
				36876680F3E192AF3AC39942 /* WindowPolicy.swift in Sources */,
				5AC60CA57DD0C662B921A4AC /* WindowPolicyManager.swift in Sources */,
				2964C356BFDE09652D1DF558 /* WindowRegistry.swift in Sources */,
				855DAF308E3E6A75A130B39B /* Workspace.swift in Sources */,
				7E7E25795E30579C89A15B0B /* WorkspaceManager.swift in Sources */,
				437F10D4716418B7F5E82A97 /* WorkspaceObserver.swift in Sources */,
				4B73D2820B2D23403CDDF904 /* WorkspaceStore.swift in Sources */,
			);
			runOnlyForDeploymentPostprocessing = 0;
		};
/* End PBXSourcesBuildPhase section */

/* Begin PBXTargetDependency section */
		CAB15845EDD8CAB17CDB2DF3 /* PBXTargetDependency */ = {
			isa = PBXTargetDependency;
			target = E82218D9AEDCB562FABC543D /* FlowSnap */;
			targetProxy = EBD739C488D26F8747A13C55 /* PBXContainerItemProxy */;
		};
/* End PBXTargetDependency section */

/* Begin XCBuildConfiguration section */
		634914B3DD767C4754853D48 /* Release */ = {
			isa = XCBuildConfiguration;
			buildSettings = {
				BUNDLE_LOADER = "$(TEST_HOST)";
				COMBINE_HIDPI_IMAGES = YES;
				GENERATE_INFOPLIST_FILE = YES;
				LD_RUNPATH_SEARCH_PATHS = (
					"$(inherited)",
					"@executable_path/../Frameworks",
					"@loader_path/../Frameworks",
				);
				PRODUCT_BUNDLE_IDENTIFIER = com.flowsnap.tests;
				SDKROOT = macosx;
				TEST_HOST = "$(BUILT_PRODUCTS_DIR)/FlowSnap.app/Contents/MacOS/FlowSnap";
			};
			name = Release;
		};
		6D7C3FB155077F9FC642A356 /* Debug */ = {
			isa = XCBuildConfiguration;
			buildSettings = {
				ASSETCATALOG_COMPILER_APPICON_NAME = AppIcon;
				CODE_SIGN_IDENTITY = "-";
				COMBINE_HIDPI_IMAGES = YES;
				ENABLE_HARDENED_RUNTIME = YES;
				INFOPLIST_FILE = FlowSnapLab/Info.plist;
				LD_RUNPATH_SEARCH_PATHS = (
					"$(inherited)",
					"@executable_path/../Frameworks",
				);
				PRODUCT_BUNDLE_IDENTIFIER = com.flowsnap.lab;
				PRODUCT_NAME = FlowSnapLab;
				SDKROOT = macosx;
			};
			name = Debug;
		};
		784E89D6C419F18FFEF37509 /* Release */ = {
			isa = XCBuildConfiguration;
			buildSettings = {
				ASSETCATALOG_COMPILER_APPICON_NAME = AppIcon;
				CODE_SIGN_IDENTITY = "-";
				COMBINE_HIDPI_IMAGES = YES;
				ENABLE_HARDENED_RUNTIME = YES;
				INFOPLIST_FILE = FlowSnapLab/Info.plist;
				LD_RUNPATH_SEARCH_PATHS = (
					"$(inherited)",
					"@executable_path/../Frameworks",
				);
				PRODUCT_BUNDLE_IDENTIFIER = com.flowsnap.lab;
				PRODUCT_NAME = FlowSnapLab;
				SDKROOT = macosx;
			};
			name = Release;
		};
		7A54DF1A510E3186C8D6586A /* Release */ = {
			isa = XCBuildConfiguration;
			buildSettings = {
				ALWAYS_SEARCH_USER_PATHS = NO;
				CLANG_ANALYZER_NONNULL = YES;
				CLANG_ANALYZER_NUMBER_OBJECT_CONVERSION = YES_AGGRESSIVE;
				CLANG_CXX_LANGUAGE_STANDARD = "gnu++14";
				CLANG_CXX_LIBRARY = "libc++";
				CLANG_ENABLE_MODULES = YES;
				CLANG_ENABLE_OBJC_ARC = YES;
				CLANG_ENABLE_OBJC_WEAK = YES;
				CLANG_WARN_BLOCK_CAPTURE_AUTORELEASING = YES;
				CLANG_WARN_BOOL_CONVERSION = YES;
				CLANG_WARN_COMMA = YES;
				CLANG_WARN_CONSTANT_CONVERSION = YES;
				CLANG_WARN_DEPRECATED_OBJC_IMPLEMENTATIONS = YES;
				CLANG_WARN_DIRECT_OBJC_ISA_USAGE = YES_ERROR;
				CLANG_WARN_DOCUMENTATION_COMMENTS = YES;
				CLANG_WARN_EMPTY_BODY = YES;
				CLANG_WARN_ENUM_CONVERSION = YES;
				CLANG_WARN_INFINITE_RECURSION = YES;
				CLANG_WARN_INT_CONVERSION = YES;
				CLANG_WARN_NON_LITERAL_NULL_CONVERSION = YES;
				CLANG_WARN_OBJC_IMPLICIT_RETAIN_SELF = YES;
				CLANG_WARN_OBJC_LITERAL_CONVERSION = YES;
				CLANG_WARN_OBJC_ROOT_CLASS = YES_ERROR;
				CLANG_WARN_QUOTED_INCLUDE_IN_FRAMEWORK_HEADER = YES;
				CLANG_WARN_RANGE_LOOP_ANALYSIS = YES;
				CLANG_WARN_STRICT_PROTOTYPES = YES;
				CLANG_WARN_SUSPICIOUS_MOVE = YES;
				CLANG_WARN_UNGUARDED_AVAILABILITY = YES_AGGRESSIVE;
				CLANG_WARN_UNREACHABLE_CODE = YES;
				CLANG_WARN__DUPLICATE_METHOD_MATCH = YES;
				CODE_SIGN_IDENTITY = "-";
				COPY_PHASE_STRIP = NO;
				DEBUG_INFORMATION_FORMAT = "dwarf-with-dsym";
				ENABLE_HARDENED_RUNTIME = YES;
				ENABLE_NS_ASSERTIONS = NO;
				ENABLE_STRICT_OBJC_MSGSEND = YES;
				GCC_C_LANGUAGE_STANDARD = gnu11;
				GCC_NO_COMMON_BLOCKS = YES;
				GCC_WARN_64_TO_32_BIT_CONVERSION = YES;
				GCC_WARN_ABOUT_RETURN_TYPE = YES_ERROR;
				GCC_WARN_UNDECLARED_SELECTOR = YES;
				GCC_WARN_UNINITIALIZED_AUTOS = YES_AGGRESSIVE;
				GCC_WARN_UNUSED_FUNCTION = YES;
				GCC_WARN_UNUSED_VARIABLE = YES;
				MACOSX_DEPLOYMENT_TARGET = 14.0;
				MTL_ENABLE_DEBUG_INFO = NO;
				MTL_FAST_MATH = YES;
				PRODUCT_NAME = "$(TARGET_NAME)";
				SDKROOT = macosx;
				SWIFT_COMPILATION_MODE = wholemodule;
				SWIFT_OPTIMIZATION_LEVEL = "-O";
				SWIFT_VERSION = 6.0;
			};
			name = Release;
		};
		AD67B57755CE70AA02EE93A4 /* Debug */ = {
			isa = XCBuildConfiguration;
			buildSettings = {
				BUNDLE_LOADER = "$(TEST_HOST)";
				COMBINE_HIDPI_IMAGES = YES;
				GENERATE_INFOPLIST_FILE = YES;
				LD_RUNPATH_SEARCH_PATHS = (
					"$(inherited)",
					"@executable_path/../Frameworks",
					"@loader_path/../Frameworks",
				);
				PRODUCT_BUNDLE_IDENTIFIER = com.flowsnap.tests;
				SDKROOT = macosx;
				TEST_HOST = "$(BUILT_PRODUCTS_DIR)/FlowSnap.app/Contents/MacOS/FlowSnap";
			};
			name = Debug;
		};
		BBF5C3F97124722FA9CE8F7F /* Debug */ = {
			isa = XCBuildConfiguration;
			buildSettings = {
				ASSETCATALOG_COMPILER_APPICON_NAME = AppIcon;
				CODE_SIGN_ENTITLEMENTS = FlowSnap/Resources/FlowSnap.entitlements;
				COMBINE_HIDPI_IMAGES = YES;
				INFOPLIST_FILE = FlowSnap/Resources/Info.plist;
				LD_RUNPATH_SEARCH_PATHS = (
					"@executable_path/../Frameworks",
				);
				PRODUCT_BUNDLE_IDENTIFIER = com.flowsnap.app;
				PRODUCT_NAME = FlowSnap;
				SDKROOT = macosx;
			};
			name = Debug;
		};
		D86D3D6086F4D790F15D50FC /* Release */ = {
			isa = XCBuildConfiguration;
			buildSettings = {
				ASSETCATALOG_COMPILER_APPICON_NAME = AppIcon;
				CODE_SIGN_ENTITLEMENTS = FlowSnap/Resources/FlowSnap.entitlements;
				COMBINE_HIDPI_IMAGES = YES;
				INFOPLIST_FILE = FlowSnap/Resources/Info.plist;
				LD_RUNPATH_SEARCH_PATHS = (
					"@executable_path/../Frameworks",
				);
				PRODUCT_BUNDLE_IDENTIFIER = com.flowsnap.app;
				PRODUCT_NAME = FlowSnap;
				SDKROOT = macosx;
			};
			name = Release;
		};
		EBC329237CE892B4C6A29B14 /* Debug */ = {
			isa = XCBuildConfiguration;
			buildSettings = {
				ALWAYS_SEARCH_USER_PATHS = NO;
				CLANG_ANALYZER_NONNULL = YES;
				CLANG_ANALYZER_NUMBER_OBJECT_CONVERSION = YES_AGGRESSIVE;
				CLANG_CXX_LANGUAGE_STANDARD = "gnu++14";
				CLANG_CXX_LIBRARY = "libc++";
				CLANG_ENABLE_MODULES = YES;
				CLANG_ENABLE_OBJC_ARC = YES;
				CLANG_ENABLE_OBJC_WEAK = YES;
				CLANG_WARN_BLOCK_CAPTURE_AUTORELEASING = YES;
				CLANG_WARN_BOOL_CONVERSION = YES;
				CLANG_WARN_COMMA = YES;
				CLANG_WARN_CONSTANT_CONVERSION = YES;
				CLANG_WARN_DEPRECATED_OBJC_IMPLEMENTATIONS = YES;
				CLANG_WARN_DIRECT_OBJC_ISA_USAGE = YES_ERROR;
				CLANG_WARN_DOCUMENTATION_COMMENTS = YES;
				CLANG_WARN_EMPTY_BODY = YES;
				CLANG_WARN_ENUM_CONVERSION = YES;
				CLANG_WARN_INFINITE_RECURSION = YES;
				CLANG_WARN_INT_CONVERSION = YES;
				CLANG_WARN_NON_LITERAL_NULL_CONVERSION = YES;
				CLANG_WARN_OBJC_IMPLICIT_RETAIN_SELF = YES;
				CLANG_WARN_OBJC_LITERAL_CONVERSION = YES;
				CLANG_WARN_OBJC_ROOT_CLASS = YES_ERROR;
				CLANG_WARN_QUOTED_INCLUDE_IN_FRAMEWORK_HEADER = YES;
				CLANG_WARN_RANGE_LOOP_ANALYSIS = YES;
				CLANG_WARN_STRICT_PROTOTYPES = YES;
				CLANG_WARN_SUSPICIOUS_MOVE = YES;
				CLANG_WARN_UNGUARDED_AVAILABILITY = YES_AGGRESSIVE;
				CLANG_WARN_UNREACHABLE_CODE = YES;
				CLANG_WARN__DUPLICATE_METHOD_MATCH = YES;
				CODE_SIGN_IDENTITY = "-";
				COPY_PHASE_STRIP = NO;
				DEBUG_INFORMATION_FORMAT = dwarf;
				ENABLE_HARDENED_RUNTIME = YES;
				ENABLE_STRICT_OBJC_MSGSEND = YES;
				ENABLE_TESTABILITY = YES;
				GCC_C_LANGUAGE_STANDARD = gnu11;
				GCC_DYNAMIC_NO_PIC = NO;
				GCC_NO_COMMON_BLOCKS = YES;
				GCC_OPTIMIZATION_LEVEL = 0;
				GCC_PREPROCESSOR_DEFINITIONS = (
					"$(inherited)",
					"DEBUG=1",
				);
				GCC_WARN_64_TO_32_BIT_CONVERSION = YES;
				GCC_WARN_ABOUT_RETURN_TYPE = YES_ERROR;
				GCC_WARN_UNDECLARED_SELECTOR = YES;
				GCC_WARN_UNINITIALIZED_AUTOS = YES_AGGRESSIVE;
				GCC_WARN_UNUSED_FUNCTION = YES;
				GCC_WARN_UNUSED_VARIABLE = YES;
				MACOSX_DEPLOYMENT_TARGET = 14.0;
				MTL_ENABLE_DEBUG_INFO = INCLUDE_SOURCE;
				MTL_FAST_MATH = YES;
				ONLY_ACTIVE_ARCH = YES;
				PRODUCT_NAME = "$(TARGET_NAME)";
				SDKROOT = macosx;
				SWIFT_ACTIVE_COMPILATION_CONDITIONS = DEBUG;
				SWIFT_OPTIMIZATION_LEVEL = "-Onone";
				SWIFT_VERSION = 6.0;
			};
			name = Debug;
		};
/* End XCBuildConfiguration section */

/* Begin XCConfigurationList section */
		08CD161C996EBDFBFC52F01E /* Build configuration list for PBXNativeTarget "FlowSnapLab" */ = {
			isa = XCConfigurationList;
			buildConfigurations = (
				6D7C3FB155077F9FC642A356 /* Debug */,
				784E89D6C419F18FFEF37509 /* Release */,
			);
			defaultConfigurationIsVisible = 0;
			defaultConfigurationName = Debug;
		};
		840D91E25D9F0BFAE6C2F824 /* Build configuration list for PBXProject "FlowSnap" */ = {
			isa = XCConfigurationList;
			buildConfigurations = (
				EBC329237CE892B4C6A29B14 /* Debug */,
				7A54DF1A510E3186C8D6586A /* Release */,
			);
			defaultConfigurationIsVisible = 0;
			defaultConfigurationName = Debug;
		};
		84A6EE4EB7EAF0E64ED1D1ED /* Build configuration list for PBXNativeTarget "FlowSnap" */ = {
			isa = XCConfigurationList;
			buildConfigurations = (
				BBF5C3F97124722FA9CE8F7F /* Debug */,
				D86D3D6086F4D790F15D50FC /* Release */,
			);
			defaultConfigurationIsVisible = 0;
			defaultConfigurationName = Debug;
		};
		FA94A2A1DB202080EAE4E908 /* Build configuration list for PBXNativeTarget "FlowSnapTests" */ = {
			isa = XCConfigurationList;
			buildConfigurations = (
				AD67B57755CE70AA02EE93A4 /* Debug */,
				634914B3DD767C4754853D48 /* Release */,
			);
			defaultConfigurationIsVisible = 0;
			defaultConfigurationName = Debug;
		};
/* End XCConfigurationList section */
	};
	rootObject = C987FA6D3CAC5C5C1E6A0F1F /* Project object */;
}
